PODS:
  - Alamofire (3.5.1)
  - Anchorage (3.0.0)
  - FLAnimatedImage (1.0.12)
  - KVOController (1.2.0)
  - MapSnap (0.1.0):
    - PINCache (~> 2.3)
  - PINCache (2.3)
  - PINRemoteImage (2.1.4):
    - PINRemoteImage/FLAnimatedImage (= 2.1.4)
  - PINRemoteImage/Core (2.1.4):
    - PINCache (>= 2.1)
  - PINRemoteImage/FLAnimatedImage (2.1.4):
    - FLAnimatedImage (>= 1.0)
    - PINRemoteImage/Core
  - pop (1.0.9)

DEPENDENCIES:
  - Alamofire (~> 3.5)
  - Anchorage (~> 3.0)
  - KVOController (~> 1.2)
  - MapSnap
  - PINRemoteImage (~> 2.1)
  - pop (~> 1.0)

SPEC CHECKSUMS:
  Alamofire: 0dfba1184a543e2aa160f4e39cac4e8aba48d223
  Anchorage: 0b7244e31069ebc61a4e9611bc670feb7f24a3e2
  FLAnimatedImage: 4a0b56255d9b05f18b6dd7ee06871be5d3b89e31
  KVOController: d72ace34afea42468329623b3379ab3cd1d286b6
  MapSnap: 95862bbf764c067e5533e01bca467b448ccbdce6
  PINCache: ce36ed282031b92fc7733ffe831f474ff80fddc2
  PINRemoteImage: 4ac4011c5caefd6befd99758e09becede05d3226
  pop: f667631a5108a2e60d9e8797c9b32ddaf2080bce

PODFILE CHECKSUM: 7c9e73ea8e40db1de51f5136d1533e7efac5badf

COCOAPODS: 1.1.1
