// !$*UTF8*$!
{
	archiveVersion = 1;
	classes = {
	};
	objectVersion = 46;
	objects = {

/* Begin PBXBuildFile section */
		01F48093C80BC7197AFDE3D8 /* Images.xcassets in Resources */ = {isa = PBXBuildFile; fileRef = 4C9687C4D6702C6F0E9312B6 /* Images.xcassets */; };
		068034801D3F140A006BD4C1 /* BaseNavigationController.swift in Sources */ = {isa = PBXBuildFile; fileRef = 0680347F1D3F140A006BD4C1 /* BaseNavigationController.swift */; };
		23D6656E7061DE4669BA6CEE /* Pods_TodayExtension.framework in Frameworks */ = {isa = PBXBuildFile; fileRef = 6790E9A1995603B6542D1BC2 /* Pods_TodayExtension.framework */; };
		31229FBAC89902DC8BB026C0 /* LaunchScreen.xib in Resources */ = {isa = PBXBuildFile; fileRef = 38B928A7FFDA3B386C7371C6 /* LaunchScreen.xib */; };
		480486B01E3094E60081609A /* TodayEmptyCell.swift in Sources */ = {isa = PBXBuildFile; fileRef = 480486AF1E3094E60081609A /* TodayEmptyCell.swift */; };
		480D9B411DFBDC1F00DF1536 /* GroupTeamDetailsDataSource.swift in Sources */ = {isa = PBXBuildFile; fileRef = 480D9B401DFBDC1F00DF1536 /* GroupTeamDetailsDataSource.swift */; };
		4812A16A1DFD087900587173 /* GameDetailsViewController.swift in Sources */ = {isa = PBXBuildFile; fileRef = 4812A1691DFD087900587173 /* GameDetailsViewController.swift */; };
		4812A16C1DFD08BF00587173 /* GameDetailsViewModel.swift in Sources */ = {isa = PBXBuildFile; fileRef = 4812A16B1DFD08BF00587173 /* GameDetailsViewModel.swift */; };
		4815808B1DC86A50008F141B /* NavigationButton.swift in Sources */ = {isa = PBXBuildFile; fileRef = 4815808A1DC86A50008F141B /* NavigationButton.swift */; };
		4815808D1DC86A5A008F141B /* NavigationItemView.swift in Sources */ = {isa = PBXBuildFile; fileRef = 4815808C1DC86A5A008F141B /* NavigationItemView.swift */; };
		4815808F1DC86A66008F141B /* NavigationItemButtonView.swift in Sources */ = {isa = PBXBuildFile; fileRef = 4815808E1DC86A66008F141B /* NavigationItemButtonView.swift */; };
		481689421E209EB20064236B /* TodayEventCell.swift in Sources */ = {isa = PBXBuildFile; fileRef = 481689411E209EB20064236B /* TodayEventCell.swift */; };
		481689441E20B1510064236B /* TodayTeamHeaderView.swift in Sources */ = {isa = PBXBuildFile; fileRef = 481689431E20B1510064236B /* TodayTeamHeaderView.swift */; };
		483453B81D8D009200F0918A /* HomeDataSource.swift in Sources */ = {isa = PBXBuildFile; fileRef = 483453B71D8D009200F0918A /* HomeDataSource.swift */; };
		483453C31D8DA87900F0918A /* EventDetailsViewController.swift in Sources */ = {isa = PBXBuildFile; fileRef = 483453C21D8DA87900F0918A /* EventDetailsViewController.swift */; };
		483453C71D8DBB4C00F0918A /* BackAnimationController.swift in Sources */ = {isa = PBXBuildFile; fileRef = 483453C61D8DBB4C00F0918A /* BackAnimationController.swift */; };
		48400E8B1D8EFAB400927EB6 /* LoginViewController.swift in Sources */ = {isa = PBXBuildFile; fileRef = 48400E8A1D8EFAB400927EB6 /* LoginViewController.swift */; };
		48400E8F1D8F4B5D00927EB6 /* EventDetailsDataSource.swift in Sources */ = {isa = PBXBuildFile; fileRef = 48400E8E1D8F4B5D00927EB6 /* EventDetailsDataSource.swift */; };
		48400E931D8F573300927EB6 /* TabBarController.swift in Sources */ = {isa = PBXBuildFile; fileRef = 48400E921D8F573300927EB6 /* TabBarController.swift */; };
		48400EA01D90DC4800927EB6 /* EventDetailsDataController.swift in Sources */ = {isa = PBXBuildFile; fileRef = 48400E9F1D90DC4800927EB6 /* EventDetailsDataController.swift */; };
		484951751D964A6600C95F2F /* GroupDetailsViewController.swift in Sources */ = {isa = PBXBuildFile; fileRef = 484951741D964A6600C95F2F /* GroupDetailsViewController.swift */; };
		484951771D964BCE00C95F2F /* GroupDetailsDataSource.swift in Sources */ = {isa = PBXBuildFile; fileRef = 484951761D964BCE00C95F2F /* GroupDetailsDataSource.swift */; };
		4849517A1D9653E600C95F2F /* PoolListDataSource.swift in Sources */ = {isa = PBXBuildFile; fileRef = 484951791D9653E600C95F2F /* PoolListDataSource.swift */; };
		4849517C1D9657AA00C95F2F /* PoolListViewController.swift in Sources */ = {isa = PBXBuildFile; fileRef = 4849517B1D9657AA00C95F2F /* PoolListViewController.swift */; };
		48496D911DE94CE800AE5942 /* EventDetailsHeaderView.swift in Sources */ = {isa = PBXBuildFile; fileRef = 48496D901DE94CE800AE5942 /* EventDetailsHeaderView.swift */; };
		48496D951DEB8CF300AE5942 /* EventDetailsInfoView.swift in Sources */ = {isa = PBXBuildFile; fileRef = 48496D941DEB8CF300AE5942 /* EventDetailsInfoView.swift */; };
		484EBC301E22117B00B7A61B /* GameDetailsPresentationController.swift in Sources */ = {isa = PBXBuildFile; fileRef = 484EBC2F1E22117B00B7A61B /* GameDetailsPresentationController.swift */; };
		485562291DC6F7620011C53D /* NavigationBarAnimatorView.swift in Sources */ = {isa = PBXBuildFile; fileRef = 485562281DC6F7620011C53D /* NavigationBarAnimatorView.swift */; };
		485AEEF01DCC20F900F11029 /* BackInteractionController.swift in Sources */ = {isa = PBXBuildFile; fileRef = 485AEEEF1DCC20F900F11029 /* BackInteractionController.swift */; };
		4864A8B11DCFA99C001561D4 /* LoginViewModel.swift in Sources */ = {isa = PBXBuildFile; fileRef = 4864A8B01DCFA99C001561D4 /* LoginViewModel.swift */; };
		486797191DE5464000C70324 /* EventListViewController.swift in Sources */ = {isa = PBXBuildFile; fileRef = 486797181DE5464000C70324 /* EventListViewController.swift */; };
		4867971B1DE5465200C70324 /* EventListDataController.swift in Sources */ = {isa = PBXBuildFile; fileRef = 4867971A1DE5465200C70324 /* EventListDataController.swift */; };
		4867971D1DE5465E00C70324 /* EventListDataSource.swift in Sources */ = {isa = PBXBuildFile; fileRef = 4867971C1DE5465E00C70324 /* EventListDataSource.swift */; };
		4867971F1DE54B0900C70324 /* TeamsViewController.swift in Sources */ = {isa = PBXBuildFile; fileRef = 4867971E1DE54B0900C70324 /* TeamsViewController.swift */; };
		486797211DE54B1300C70324 /* TeamsViewModel.swift in Sources */ = {isa = PBXBuildFile; fileRef = 486797201DE54B1300C70324 /* TeamsViewModel.swift */; };
		486797231DE54B1A00C70324 /* TeamsDataSource.swift in Sources */ = {isa = PBXBuildFile; fileRef = 486797221DE54B1A00C70324 /* TeamsDataSource.swift */; };
		486797291DE63F5A00C70324 /* SettingsHeaderView.swift in Sources */ = {isa = PBXBuildFile; fileRef = 486797281DE63F5A00C70324 /* SettingsHeaderView.swift */; };
		487875681DDBC974008789A0 /* NotificationCenter.framework in Frameworks */ = {isa = PBXBuildFile; fileRef = 487875671DDBC974008789A0 /* NotificationCenter.framework */; };
		4878756B1DDBC974008789A0 /* TodayViewController.swift in Sources */ = {isa = PBXBuildFile; fileRef = 4878756A1DDBC974008789A0 /* TodayViewController.swift */; };
		487875721DDBC974008789A0 /* TodayExtension.appex in Embed App Extensions */ = {isa = PBXBuildFile; fileRef = 487875661DDBC974008789A0 /* TodayExtension.appex */; settings = {ATTRIBUTES = (RemoveHeadersOnCopy, ); }; };
		4878758E1DDBF31A008789A0 /* ScoreReporterCore.framework in Frameworks */ = {isa = PBXBuildFile; fileRef = 4878758D1DDBF31A008789A0 /* ScoreReporterCore.framework */; };
		4878758F1DDBF31A008789A0 /* ScoreReporterCore.framework in Embed Frameworks */ = {isa = PBXBuildFile; fileRef = 4878758D1DDBF31A008789A0 /* ScoreReporterCore.framework */; settings = {ATTRIBUTES = (CodeSignOnCopy, RemoveHeadersOnCopy, ); }; };
		487876D41DDBFFC4008789A0 /* GameListDataSource.swift in Sources */ = {isa = PBXBuildFile; fileRef = 487876D31DDBFFC4008789A0 /* GameListDataSource.swift */; };
		487876F11DDC0DDA008789A0 /* ScoreReporterCore.framework in Frameworks */ = {isa = PBXBuildFile; fileRef = 487876F01DDC0DDA008789A0 /* ScoreReporterCore.framework */; };
		487876FF1DDCD8A6008789A0 /* SettingsCell.swift in Sources */ = {isa = PBXBuildFile; fileRef = 487876FE1DDCD8A6008789A0 /* SettingsCell.swift */; };
		487877071DDD4A8D008789A0 /* TeamDetailsViewController.swift in Sources */ = {isa = PBXBuildFile; fileRef = 487877061DDD4A8D008789A0 /* TeamDetailsViewController.swift */; };
		487877091DDD4B13008789A0 /* TeamDetailsViewModel.swift in Sources */ = {isa = PBXBuildFile; fileRef = 487877081DDD4B13008789A0 /* TeamDetailsViewModel.swift */; };
		4878770B1DDD4B1F008789A0 /* TeamDetailsDataSource.swift in Sources */ = {isa = PBXBuildFile; fileRef = 4878770A1DDD4B1F008789A0 /* TeamDetailsDataSource.swift */; };
		487BF3761D985A230082D6FC /* GameListViewController.swift in Sources */ = {isa = PBXBuildFile; fileRef = 487BF3751D985A230082D6FC /* GameListViewController.swift */; };
		487BF3861D9A0A340082D6FC /* BracketListDataSource.swift in Sources */ = {isa = PBXBuildFile; fileRef = 487BF3851D9A0A340082D6FC /* BracketListDataSource.swift */; };
		487BF3881D9A0B630082D6FC /* BracketListViewController.swift in Sources */ = {isa = PBXBuildFile; fileRef = 487BF3871D9A0B630082D6FC /* BracketListViewController.swift */; };
		488033C81E2F28530085A631 /* TeamDetailsHeaderView.swift in Sources */ = {isa = PBXBuildFile; fileRef = 488033C71E2F28530085A631 /* TeamDetailsHeaderView.swift */; };
		488033CA1E2F28900085A631 /* TeamDetailsInfoView.swift in Sources */ = {isa = PBXBuildFile; fileRef = 488033C91E2F28900085A631 /* TeamDetailsInfoView.swift */; };
		488350781E8EA93A0008C558 /* EventCell.swift in Sources */ = {isa = PBXBuildFile; fileRef = 488350771E8EA93A0008C558 /* EventCell.swift */; };
		4883507A1E8EAA9F0008C558 /* ListContentView.swift in Sources */ = {isa = PBXBuildFile; fileRef = 488350791E8EAA9F0008C558 /* ListContentView.swift */; };
		488350821E8F26130008C558 /* Appearance.swift in Sources */ = {isa = PBXBuildFile; fileRef = 488350811E8F26130008C558 /* Appearance.swift */; };
		488350841E8F26E70008C558 /* DeepLinkCoordinator.swift in Sources */ = {isa = PBXBuildFile; fileRef = 488350831E8F26E70008C558 /* DeepLinkCoordinator.swift */; };
		488CAA641D7E367600C3E597 /* HomeViewController.swift in Sources */ = {isa = PBXBuildFile; fileRef = 488CAA631D7E367600C3E597 /* HomeViewController.swift */; };
		488CAA6C1D7E4A5E00C3E597 /* HomeDataController.swift in Sources */ = {isa = PBXBuildFile; fileRef = 488CAA6B1D7E4A5E00C3E597 /* HomeDataController.swift */; };
		489E007E1DFBDD62001268FA /* GroupTeamDetailsViewController.swift in Sources */ = {isa = PBXBuildFile; fileRef = 489E007D1DFBDD62001268FA /* GroupTeamDetailsViewController.swift */; };
		48A2E7101DA49D2300B7B422 /* SettingsViewController.swift in Sources */ = {isa = PBXBuildFile; fileRef = 48A2E70F1DA49D2300B7B422 /* SettingsViewController.swift */; };
		48A2E7121DA49E1800B7B422 /* SettingsDataSource.swift in Sources */ = {isa = PBXBuildFile; fileRef = 48A2E7111DA49E1800B7B422 /* SettingsDataSource.swift */; };
		48A2E7191DA4B01600B7B422 /* AcknowledgementListViewController.swift in Sources */ = {isa = PBXBuildFile; fileRef = 48A2E7181DA4B01600B7B422 /* AcknowledgementListViewController.swift */; };
		48A2E71B1DA4B02200B7B422 /* AcknowledgementListDataSource.swift in Sources */ = {isa = PBXBuildFile; fileRef = 48A2E71A1DA4B02200B7B422 /* AcknowledgementListDataSource.swift */; };
		48A2E71E1DA4B55900B7B422 /* AcknowledgementViewController.swift in Sources */ = {isa = PBXBuildFile; fileRef = 48A2E71D1DA4B55900B7B422 /* AcknowledgementViewController.swift */; };
		48E9F0B21DE0CD1000F8197B /* TodayDataSource.swift in Sources */ = {isa = PBXBuildFile; fileRef = 48E9F0B11DE0CD1000F8197B /* TodayDataSource.swift */; };
		48E9F0B41DE0D0EB00F8197B /* TodayViewModel.swift in Sources */ = {isa = PBXBuildFile; fileRef = 48E9F0B31DE0D0EB00F8197B /* TodayViewModel.swift */; };
		48F8B5331DC4FDD70031DB5B /* Settings.bundle in Resources */ = {isa = PBXBuildFile; fileRef = 48F8B5321DC4FDD70031DB5B /* Settings.bundle */; };
		5F1F056AF317FD3844411674 /* AppDelegate.swift in Sources */ = {isa = PBXBuildFile; fileRef = 52680920874D492D40D00CFD /* AppDelegate.swift */; };
		7F66699D3AFAECEE6C1E5EC5 /* Pods_ScoreReporter.framework in Frameworks */ = {isa = PBXBuildFile; fileRef = 648BA6BA3DC2DAAB2475AB21 /* Pods_ScoreReporter.framework */; };
		DA88F1ED835B8C624CD0ACCB /* Foundation.framework in Frameworks */ = {isa = PBXBuildFile; fileRef = 693B305DC64788811391D5AF /* Foundation.framework */; };
/* End PBXBuildFile section */

/* Begin PBXContainerItemProxy section */
		487875701DDBC974008789A0 /* PBXContainerItemProxy */ = {
			isa = PBXContainerItemProxy;
			containerPortal = 9908A4E7CAEDE5855F39122C /* Project object */;
			proxyType = 1;
			remoteGlobalIDString = 487875651DDBC974008789A0;
			remoteInfo = TodayExtension;
		};
		BFD5306F4574C7A503A34ACE /* PBXContainerItemProxy */ = {
			isa = PBXContainerItemProxy;
			containerPortal = 9908A4E7CAEDE5855F39122C /* Project object */;
			proxyType = 1;
			remoteGlobalIDString = BD6C1FD2302B8FE50C967CE7;
			remoteInfo = ScoreReporter;
		};
/* End PBXContainerItemProxy section */

/* Begin PBXCopyFilesBuildPhase section */
		487875761DDBC974008789A0 /* Embed App Extensions */ = {
			isa = PBXCopyFilesBuildPhase;
			buildActionMask = 2147483647;
			dstPath = "";
			dstSubfolderSpec = 13;
			files = (
				487875721DDBC974008789A0 /* TodayExtension.appex in Embed App Extensions */,
			);
			name = "Embed App Extensions";
			runOnlyForDeploymentPostprocessing = 0;
		};
		487875901DDBF31A008789A0 /* Embed Frameworks */ = {
			isa = PBXCopyFilesBuildPhase;
			buildActionMask = 2147483647;
			dstPath = "";
			dstSubfolderSpec = 10;
			files = (
				4878758F1DDBF31A008789A0 /* ScoreReporterCore.framework in Embed Frameworks */,
			);
			name = "Embed Frameworks";
			runOnlyForDeploymentPostprocessing = 0;
		};
/* End PBXCopyFilesBuildPhase section */

/* Begin PBXFileReference section */
		01D2D59648E4497DDEA9D944 /* Pods-ScoreReporter.release.xcconfig */ = {isa = PBXFileReference; includeInIndex = 1; lastKnownFileType = text.xcconfig; name = "Pods-ScoreReporter.release.xcconfig"; path = "Pods/Target Support Files/Pods-ScoreReporter/Pods-ScoreReporter.release.xcconfig"; sourceTree = "<group>"; };
		0680347F1D3F140A006BD4C1 /* BaseNavigationController.swift */ = {isa = PBXFileReference; fileEncoding = 4; lastKnownFileType = sourcecode.swift; path = BaseNavigationController.swift; sourceTree = "<group>"; };
		0EECBD668089EE283C31E7A7 /* Info.plist */ = {isa = PBXFileReference; includeInIndex = 1; lastKnownFileType = text.plist.xml; path = Info.plist; sourceTree = "<group>"; };
		38B928A7FFDA3B386C7371C6 /* LaunchScreen.xib */ = {isa = PBXFileReference; includeInIndex = 1; lastKnownFileType = file.xib; path = LaunchScreen.xib; sourceTree = "<group>"; };
		480486AF1E3094E60081609A /* TodayEmptyCell.swift */ = {isa = PBXFileReference; fileEncoding = 4; lastKnownFileType = sourcecode.swift; path = TodayEmptyCell.swift; sourceTree = "<group>"; };
		480D9B401DFBDC1F00DF1536 /* GroupTeamDetailsDataSource.swift */ = {isa = PBXFileReference; fileEncoding = 4; lastKnownFileType = sourcecode.swift; path = GroupTeamDetailsDataSource.swift; sourceTree = "<group>"; };
		4812A1691DFD087900587173 /* GameDetailsViewController.swift */ = {isa = PBXFileReference; fileEncoding = 4; lastKnownFileType = sourcecode.swift; path = GameDetailsViewController.swift; sourceTree = "<group>"; };
		4812A16B1DFD08BF00587173 /* GameDetailsViewModel.swift */ = {isa = PBXFileReference; fileEncoding = 4; lastKnownFileType = sourcecode.swift; path = GameDetailsViewModel.swift; sourceTree = "<group>"; };
		4815808A1DC86A50008F141B /* NavigationButton.swift */ = {isa = PBXFileReference; fileEncoding = 4; lastKnownFileType = sourcecode.swift; path = NavigationButton.swift; sourceTree = "<group>"; };
		4815808C1DC86A5A008F141B /* NavigationItemView.swift */ = {isa = PBXFileReference; fileEncoding = 4; lastKnownFileType = sourcecode.swift; path = NavigationItemView.swift; sourceTree = "<group>"; };
		4815808E1DC86A66008F141B /* NavigationItemButtonView.swift */ = {isa = PBXFileReference; fileEncoding = 4; lastKnownFileType = sourcecode.swift; path = NavigationItemButtonView.swift; sourceTree = "<group>"; };
		481689411E209EB20064236B /* TodayEventCell.swift */ = {isa = PBXFileReference; fileEncoding = 4; lastKnownFileType = sourcecode.swift; path = TodayEventCell.swift; sourceTree = "<group>"; };
		481689431E20B1510064236B /* TodayTeamHeaderView.swift */ = {isa = PBXFileReference; fileEncoding = 4; lastKnownFileType = sourcecode.swift; path = TodayTeamHeaderView.swift; sourceTree = "<group>"; };
		483453B71D8D009200F0918A /* HomeDataSource.swift */ = {isa = PBXFileReference; fileEncoding = 4; lastKnownFileType = sourcecode.swift; path = HomeDataSource.swift; sourceTree = "<group>"; };
		483453C21D8DA87900F0918A /* EventDetailsViewController.swift */ = {isa = PBXFileReference; fileEncoding = 4; lastKnownFileType = sourcecode.swift; path = EventDetailsViewController.swift; sourceTree = "<group>"; };
		483453C61D8DBB4C00F0918A /* BackAnimationController.swift */ = {isa = PBXFileReference; fileEncoding = 4; lastKnownFileType = sourcecode.swift; path = BackAnimationController.swift; sourceTree = "<group>"; };
		48400E8A1D8EFAB400927EB6 /* LoginViewController.swift */ = {isa = PBXFileReference; fileEncoding = 4; lastKnownFileType = sourcecode.swift; path = LoginViewController.swift; sourceTree = "<group>"; };
		48400E8E1D8F4B5D00927EB6 /* EventDetailsDataSource.swift */ = {isa = PBXFileReference; fileEncoding = 4; lastKnownFileType = sourcecode.swift; path = EventDetailsDataSource.swift; sourceTree = "<group>"; };
		48400E921D8F573300927EB6 /* TabBarController.swift */ = {isa = PBXFileReference; fileEncoding = 4; lastKnownFileType = sourcecode.swift; path = TabBarController.swift; sourceTree = "<group>"; };
		48400E9F1D90DC4800927EB6 /* EventDetailsDataController.swift */ = {isa = PBXFileReference; fileEncoding = 4; lastKnownFileType = sourcecode.swift; path = EventDetailsDataController.swift; sourceTree = "<group>"; };
		484951741D964A6600C95F2F /* GroupDetailsViewController.swift */ = {isa = PBXFileReference; fileEncoding = 4; lastKnownFileType = sourcecode.swift; path = GroupDetailsViewController.swift; sourceTree = "<group>"; };
		484951761D964BCE00C95F2F /* GroupDetailsDataSource.swift */ = {isa = PBXFileReference; fileEncoding = 4; lastKnownFileType = sourcecode.swift; path = GroupDetailsDataSource.swift; sourceTree = "<group>"; };
		484951791D9653E600C95F2F /* PoolListDataSource.swift */ = {isa = PBXFileReference; fileEncoding = 4; lastKnownFileType = sourcecode.swift; path = PoolListDataSource.swift; sourceTree = "<group>"; };
		4849517B1D9657AA00C95F2F /* PoolListViewController.swift */ = {isa = PBXFileReference; fileEncoding = 4; lastKnownFileType = sourcecode.swift; path = PoolListViewController.swift; sourceTree = "<group>"; };
		48496D901DE94CE800AE5942 /* EventDetailsHeaderView.swift */ = {isa = PBXFileReference; fileEncoding = 4; lastKnownFileType = sourcecode.swift; path = EventDetailsHeaderView.swift; sourceTree = "<group>"; };
		48496D941DEB8CF300AE5942 /* EventDetailsInfoView.swift */ = {isa = PBXFileReference; fileEncoding = 4; lastKnownFileType = sourcecode.swift; path = EventDetailsInfoView.swift; sourceTree = "<group>"; };
		484EBC2F1E22117B00B7A61B /* GameDetailsPresentationController.swift */ = {isa = PBXFileReference; fileEncoding = 4; lastKnownFileType = sourcecode.swift; path = GameDetailsPresentationController.swift; sourceTree = "<group>"; };
		485562281DC6F7620011C53D /* NavigationBarAnimatorView.swift */ = {isa = PBXFileReference; fileEncoding = 4; lastKnownFileType = sourcecode.swift; path = NavigationBarAnimatorView.swift; sourceTree = "<group>"; };
		485AEEEF1DCC20F900F11029 /* BackInteractionController.swift */ = {isa = PBXFileReference; fileEncoding = 4; lastKnownFileType = sourcecode.swift; path = BackInteractionController.swift; sourceTree = "<group>"; };
		4864A8B01DCFA99C001561D4 /* LoginViewModel.swift */ = {isa = PBXFileReference; fileEncoding = 4; lastKnownFileType = sourcecode.swift; path = LoginViewModel.swift; sourceTree = "<group>"; };
		4864A8BA1DCFBAE1001561D4 /* ScoreReporter.entitlements */ = {isa = PBXFileReference; lastKnownFileType = text.plist.entitlements; path = ScoreReporter.entitlements; sourceTree = "<group>"; };
		486797181DE5464000C70324 /* EventListViewController.swift */ = {isa = PBXFileReference; fileEncoding = 4; lastKnownFileType = sourcecode.swift; path = EventListViewController.swift; sourceTree = "<group>"; };
		4867971A1DE5465200C70324 /* EventListDataController.swift */ = {isa = PBXFileReference; fileEncoding = 4; lastKnownFileType = sourcecode.swift; path = EventListDataController.swift; sourceTree = "<group>"; };
		4867971C1DE5465E00C70324 /* EventListDataSource.swift */ = {isa = PBXFileReference; fileEncoding = 4; lastKnownFileType = sourcecode.swift; path = EventListDataSource.swift; sourceTree = "<group>"; };
		4867971E1DE54B0900C70324 /* TeamsViewController.swift */ = {isa = PBXFileReference; fileEncoding = 4; lastKnownFileType = sourcecode.swift; path = TeamsViewController.swift; sourceTree = "<group>"; };
		486797201DE54B1300C70324 /* TeamsViewModel.swift */ = {isa = PBXFileReference; fileEncoding = 4; lastKnownFileType = sourcecode.swift; path = TeamsViewModel.swift; sourceTree = "<group>"; };
		486797221DE54B1A00C70324 /* TeamsDataSource.swift */ = {isa = PBXFileReference; fileEncoding = 4; lastKnownFileType = sourcecode.swift; path = TeamsDataSource.swift; sourceTree = "<group>"; };
		486797281DE63F5A00C70324 /* SettingsHeaderView.swift */ = {isa = PBXFileReference; fileEncoding = 4; lastKnownFileType = sourcecode.swift; path = SettingsHeaderView.swift; sourceTree = "<group>"; };
		487875661DDBC974008789A0 /* TodayExtension.appex */ = {isa = PBXFileReference; explicitFileType = "wrapper.app-extension"; includeInIndex = 0; path = TodayExtension.appex; sourceTree = BUILT_PRODUCTS_DIR; };
		487875671DDBC974008789A0 /* NotificationCenter.framework */ = {isa = PBXFileReference; lastKnownFileType = wrapper.framework; name = NotificationCenter.framework; path = System/Library/Frameworks/NotificationCenter.framework; sourceTree = SDKROOT; };
		4878756A1DDBC974008789A0 /* TodayViewController.swift */ = {isa = PBXFileReference; lastKnownFileType = sourcecode.swift; path = TodayViewController.swift; sourceTree = "<group>"; };
		4878756F1DDBC974008789A0 /* Info.plist */ = {isa = PBXFileReference; lastKnownFileType = text.plist.xml; path = Info.plist; sourceTree = "<group>"; };
		4878758D1DDBF31A008789A0 /* ScoreReporterCore.framework */ = {isa = PBXFileReference; explicitFileType = wrapper.framework; path = ScoreReporterCore.framework; sourceTree = BUILT_PRODUCTS_DIR; };
		487875911DDBF34B008789A0 /* ScoreReporterCore.framework */ = {isa = PBXFileReference; lastKnownFileType = wrapper.framework; name = ScoreReporterCore.framework; path = "ScoreReporterCore/build/Debug-iphoneos/ScoreReporterCore.framework"; sourceTree = "<group>"; };
		487876D31DDBFFC4008789A0 /* GameListDataSource.swift */ = {isa = PBXFileReference; fileEncoding = 4; lastKnownFileType = sourcecode.swift; path = GameListDataSource.swift; sourceTree = "<group>"; };
		487876F01DDC0DDA008789A0 /* ScoreReporterCore.framework */ = {isa = PBXFileReference; lastKnownFileType = wrapper.framework; name = ScoreReporterCore.framework; path = "../Library/Developer/Xcode/DerivedData/ScoreReporter-gloekkxwfxsarwfqsimjkpdltvpu/Build/Products/Debug-iphonesimulator/ScoreReporterCore.framework"; sourceTree = "<group>"; };
		487876F21DDC20B0008789A0 /* TodayExtension.entitlements */ = {isa = PBXFileReference; lastKnownFileType = text.plist.entitlements; path = TodayExtension.entitlements; sourceTree = "<group>"; };
		487876FE1DDCD8A6008789A0 /* SettingsCell.swift */ = {isa = PBXFileReference; fileEncoding = 4; lastKnownFileType = sourcecode.swift; path = SettingsCell.swift; sourceTree = "<group>"; };
		487877061DDD4A8D008789A0 /* TeamDetailsViewController.swift */ = {isa = PBXFileReference; fileEncoding = 4; lastKnownFileType = sourcecode.swift; path = TeamDetailsViewController.swift; sourceTree = "<group>"; };
		487877081DDD4B13008789A0 /* TeamDetailsViewModel.swift */ = {isa = PBXFileReference; fileEncoding = 4; lastKnownFileType = sourcecode.swift; path = TeamDetailsViewModel.swift; sourceTree = "<group>"; };
		4878770A1DDD4B1F008789A0 /* TeamDetailsDataSource.swift */ = {isa = PBXFileReference; fileEncoding = 4; lastKnownFileType = sourcecode.swift; path = TeamDetailsDataSource.swift; sourceTree = "<group>"; };
		487BF3751D985A230082D6FC /* GameListViewController.swift */ = {isa = PBXFileReference; fileEncoding = 4; lastKnownFileType = sourcecode.swift; path = GameListViewController.swift; sourceTree = "<group>"; };
		487BF3851D9A0A340082D6FC /* BracketListDataSource.swift */ = {isa = PBXFileReference; fileEncoding = 4; lastKnownFileType = sourcecode.swift; path = BracketListDataSource.swift; sourceTree = "<group>"; };
		487BF3871D9A0B630082D6FC /* BracketListViewController.swift */ = {isa = PBXFileReference; fileEncoding = 4; lastKnownFileType = sourcecode.swift; path = BracketListViewController.swift; sourceTree = "<group>"; };
		488033C71E2F28530085A631 /* TeamDetailsHeaderView.swift */ = {isa = PBXFileReference; fileEncoding = 4; lastKnownFileType = sourcecode.swift; path = TeamDetailsHeaderView.swift; sourceTree = "<group>"; };
		488033C91E2F28900085A631 /* TeamDetailsInfoView.swift */ = {isa = PBXFileReference; fileEncoding = 4; lastKnownFileType = sourcecode.swift; path = TeamDetailsInfoView.swift; sourceTree = "<group>"; };
		488350771E8EA93A0008C558 /* EventCell.swift */ = {isa = PBXFileReference; fileEncoding = 4; lastKnownFileType = sourcecode.swift; path = EventCell.swift; sourceTree = "<group>"; };
		488350791E8EAA9F0008C558 /* ListContentView.swift */ = {isa = PBXFileReference; fileEncoding = 4; lastKnownFileType = sourcecode.swift; path = ListContentView.swift; sourceTree = "<group>"; };
		488350811E8F26130008C558 /* Appearance.swift */ = {isa = PBXFileReference; fileEncoding = 4; lastKnownFileType = sourcecode.swift; path = Appearance.swift; sourceTree = "<group>"; };
		488350831E8F26E70008C558 /* DeepLinkCoordinator.swift */ = {isa = PBXFileReference; fileEncoding = 4; lastKnownFileType = sourcecode.swift; path = DeepLinkCoordinator.swift; sourceTree = "<group>"; };
		488CAA631D7E367600C3E597 /* HomeViewController.swift */ = {isa = PBXFileReference; fileEncoding = 4; lastKnownFileType = sourcecode.swift; path = HomeViewController.swift; sourceTree = "<group>"; };
		488CAA6B1D7E4A5E00C3E597 /* HomeDataController.swift */ = {isa = PBXFileReference; fileEncoding = 4; lastKnownFileType = sourcecode.swift; path = HomeDataController.swift; sourceTree = "<group>"; };
		489E007D1DFBDD62001268FA /* GroupTeamDetailsViewController.swift */ = {isa = PBXFileReference; fileEncoding = 4; lastKnownFileType = sourcecode.swift; path = GroupTeamDetailsViewController.swift; sourceTree = "<group>"; };
		48A2E70F1DA49D2300B7B422 /* SettingsViewController.swift */ = {isa = PBXFileReference; fileEncoding = 4; lastKnownFileType = sourcecode.swift; path = SettingsViewController.swift; sourceTree = "<group>"; };
		48A2E7111DA49E1800B7B422 /* SettingsDataSource.swift */ = {isa = PBXFileReference; fileEncoding = 4; lastKnownFileType = sourcecode.swift; path = SettingsDataSource.swift; sourceTree = "<group>"; };
		48A2E7181DA4B01600B7B422 /* AcknowledgementListViewController.swift */ = {isa = PBXFileReference; fileEncoding = 4; lastKnownFileType = sourcecode.swift; path = AcknowledgementListViewController.swift; sourceTree = "<group>"; };
		48A2E71A1DA4B02200B7B422 /* AcknowledgementListDataSource.swift */ = {isa = PBXFileReference; fileEncoding = 4; lastKnownFileType = sourcecode.swift; path = AcknowledgementListDataSource.swift; sourceTree = "<group>"; };
		48A2E71D1DA4B55900B7B422 /* AcknowledgementViewController.swift */ = {isa = PBXFileReference; fileEncoding = 4; lastKnownFileType = sourcecode.swift; path = AcknowledgementViewController.swift; sourceTree = "<group>"; };
		48E9F0B11DE0CD1000F8197B /* TodayDataSource.swift */ = {isa = PBXFileReference; fileEncoding = 4; lastKnownFileType = sourcecode.swift; path = TodayDataSource.swift; sourceTree = "<group>"; };
		48E9F0B31DE0D0EB00F8197B /* TodayViewModel.swift */ = {isa = PBXFileReference; fileEncoding = 4; lastKnownFileType = sourcecode.swift; path = TodayViewModel.swift; sourceTree = "<group>"; };
		48F8B5321DC4FDD70031DB5B /* Settings.bundle */ = {isa = PBXFileReference; lastKnownFileType = "wrapper.plug-in"; path = Settings.bundle; sourceTree = "<group>"; };
		4C9687C4D6702C6F0E9312B6 /* Images.xcassets */ = {isa = PBXFileReference; includeInIndex = 1; lastKnownFileType = folder.assetcatalog; path = Images.xcassets; sourceTree = "<group>"; };
		52680920874D492D40D00CFD /* AppDelegate.swift */ = {isa = PBXFileReference; includeInIndex = 1; lastKnownFileType = sourcecode.swift; path = AppDelegate.swift; sourceTree = "<group>"; };
		53C12ADEC315EA54F9AA76A3 /* ScoreReporter.app */ = {isa = PBXFileReference; explicitFileType = wrapper.application; includeInIndex = 0; path = ScoreReporter.app; sourceTree = BUILT_PRODUCTS_DIR; };
		648BA6BA3DC2DAAB2475AB21 /* Pods_ScoreReporter.framework */ = {isa = PBXFileReference; explicitFileType = wrapper.framework; includeInIndex = 0; path = Pods_ScoreReporter.framework; sourceTree = BUILT_PRODUCTS_DIR; };
		6790E9A1995603B6542D1BC2 /* Pods_TodayExtension.framework */ = {isa = PBXFileReference; explicitFileType = wrapper.framework; includeInIndex = 0; path = Pods_TodayExtension.framework; sourceTree = BUILT_PRODUCTS_DIR; };
		693B305DC64788811391D5AF /* Foundation.framework */ = {isa = PBXFileReference; lastKnownFileType = wrapper.framework; name = Foundation.framework; path = Platforms/iPhoneOS.platform/Developer/SDKs/iPhoneOS8.3.sdk/System/Library/Frameworks/Foundation.framework; sourceTree = DEVELOPER_DIR; };
		7093D91011D5EBB446FFC907 /* Pods-TodayExtension.release.xcconfig */ = {isa = PBXFileReference; includeInIndex = 1; lastKnownFileType = text.xcconfig; name = "Pods-TodayExtension.release.xcconfig"; path = "Pods/Target Support Files/Pods-TodayExtension/Pods-TodayExtension.release.xcconfig"; sourceTree = "<group>"; };
		AA684B8E6508811307A38A06 /* Pods-TodayExtension.debug.xcconfig */ = {isa = PBXFileReference; includeInIndex = 1; lastKnownFileType = text.xcconfig; name = "Pods-TodayExtension.debug.xcconfig"; path = "Pods/Target Support Files/Pods-TodayExtension/Pods-TodayExtension.debug.xcconfig"; sourceTree = "<group>"; };
		C067E9D539D5600279356388 /* Pods.framework */ = {isa = PBXFileReference; explicitFileType = wrapper.framework; includeInIndex = 0; path = Pods.framework; sourceTree = BUILT_PRODUCTS_DIR; };
		DB8710D0BC735C12F2E5C91F /* Pods-ScoreReporter.debug.xcconfig */ = {isa = PBXFileReference; includeInIndex = 1; lastKnownFileType = text.xcconfig; name = "Pods-ScoreReporter.debug.xcconfig"; path = "Pods/Target Support Files/Pods-ScoreReporter/Pods-ScoreReporter.debug.xcconfig"; sourceTree = "<group>"; };
		E8B50829352C52B2EA51452D /* UnitTests-Info.plist */ = {isa = PBXFileReference; includeInIndex = 1; lastKnownFileType = text.plist.xml; path = "UnitTests-Info.plist"; sourceTree = "<group>"; };
		ECC37AEEC24C8C98B8293146 /* UnitTests.xctest */ = {isa = PBXFileReference; explicitFileType = wrapper.cfbundle; includeInIndex = 0; path = UnitTests.xctest; sourceTree = BUILT_PRODUCTS_DIR; };
/* End PBXFileReference section */

/* Begin PBXFrameworksBuildPhase section */
		1644F040C7ECBC394F5CCDE4 /* Frameworks */ = {
			isa = PBXFrameworksBuildPhase;
			buildActionMask = 2147483647;
			files = (
				4878758E1DDBF31A008789A0 /* ScoreReporterCore.framework in Frameworks */,
				DA88F1ED835B8C624CD0ACCB /* Foundation.framework in Frameworks */,
				7F66699D3AFAECEE6C1E5EC5 /* Pods_ScoreReporter.framework in Frameworks */,
			);
			runOnlyForDeploymentPostprocessing = 0;
		};
		487875631DDBC974008789A0 /* Frameworks */ = {
			isa = PBXFrameworksBuildPhase;
			buildActionMask = 2147483647;
			files = (
				487876F11DDC0DDA008789A0 /* ScoreReporterCore.framework in Frameworks */,
				487875681DDBC974008789A0 /* NotificationCenter.framework in Frameworks */,
				23D6656E7061DE4669BA6CEE /* Pods_TodayExtension.framework in Frameworks */,
			);
			runOnlyForDeploymentPostprocessing = 0;
		};
		8B9B9A1A5F33CECABC657263 /* Frameworks */ = {
			isa = PBXFrameworksBuildPhase;
			buildActionMask = 2147483647;
			files = (
			);
			runOnlyForDeploymentPostprocessing = 0;
		};
/* End PBXFrameworksBuildPhase section */

/* Begin PBXGroup section */
		2E91F1BFF2A58D6F931A75C4 /* Resources */ = {
			isa = PBXGroup;
			children = (
				4C9687C4D6702C6F0E9312B6 /* Images.xcassets */,
				0EECBD668089EE283C31E7A7 /* Info.plist */,
				38B928A7FFDA3B386C7371C6 /* LaunchScreen.xib */,
				48F8B5321DC4FDD70031DB5B /* Settings.bundle */,
			);
			path = Resources;
			sourceTree = "<group>";
		};
		3764A2B154BEA64F98903C0F /* Frameworks */ = {
			isa = PBXGroup;
			children = (
				487876F01DDC0DDA008789A0 /* ScoreReporterCore.framework */,
				487875911DDBF34B008789A0 /* ScoreReporterCore.framework */,
				68A0FF57993D076C9C493638 /* iOS */,
				C067E9D539D5600279356388 /* Pods.framework */,
				4878758D1DDBF31A008789A0 /* ScoreReporterCore.framework */,
				648BA6BA3DC2DAAB2475AB21 /* Pods_ScoreReporter.framework */,
				487875671DDBC974008789A0 /* NotificationCenter.framework */,
				6790E9A1995603B6542D1BC2 /* Pods_TodayExtension.framework */,
			);
			name = Frameworks;
			sourceTree = "<group>";
		};
		3896B0DAF0B7AFBE95DE0E4B = {
			isa = PBXGroup;
			children = (
				3764A2B154BEA64F98903C0F /* Frameworks */,
				DCC11C7EE4C5975D2493EB06 /* Pods */,
				9EFD5DD9B1ADAC3E3242E245 /* Products */,
				BDCB23798C38F5C0642B2160 /* ScoreReporter */,
				487875691DDBC974008789A0 /* TodayExtension */,
				D6765F0F8515402A5393BD58 /* UnitTests */,
			);
			indentWidth = 4;
			sourceTree = "<group>";
			tabWidth = 4;
			usesTabs = 0;
		};
		480D9B3F1DFBDC0700DF1536 /* Group Team Details */ = {
			isa = PBXGroup;
			children = (
				489E007D1DFBDD62001268FA /* GroupTeamDetailsViewController.swift */,
				480D9B401DFBDC1F00DF1536 /* GroupTeamDetailsDataSource.swift */,
			);
			path = "Group Team Details";
			sourceTree = "<group>";
		};
		4812A1661DFD085900587173 /* Game Details */ = {
			isa = PBXGroup;
			children = (
				484EBC2F1E22117B00B7A61B /* GameDetailsPresentationController.swift */,
				4812A1691DFD087900587173 /* GameDetailsViewController.swift */,
				4812A16B1DFD08BF00587173 /* GameDetailsViewModel.swift */,
			);
			path = "Game Details";
			sourceTree = "<group>";
		};
		482E43C91DD04E11005790F2 /* Teams */ = {
			isa = PBXGroup;
			children = (
				486797221DE54B1A00C70324 /* TeamsDataSource.swift */,
				4867971E1DE54B0900C70324 /* TeamsViewController.swift */,
				486797201DE54B1300C70324 /* TeamsViewModel.swift */,
			);
			path = Teams;
			sourceTree = "<group>";
		};
		483453BD1D8D8A0D00F0918A /* Home */ = {
			isa = PBXGroup;
			children = (
				488CAA631D7E367600C3E597 /* HomeViewController.swift */,
				483453B71D8D009200F0918A /* HomeDataSource.swift */,
				488CAA6B1D7E4A5E00C3E597 /* HomeDataController.swift */,
			);
			path = Home;
			sourceTree = "<group>";
		};
		483453BE1D8D8A3700F0918A /* Event Details */ = {
			isa = PBXGroup;
			children = (
				483453C21D8DA87900F0918A /* EventDetailsViewController.swift */,
				48400E8E1D8F4B5D00927EB6 /* EventDetailsDataSource.swift */,
				48400E9F1D90DC4800927EB6 /* EventDetailsDataController.swift */,
				48496D901DE94CE800AE5942 /* EventDetailsHeaderView.swift */,
				48496D941DEB8CF300AE5942 /* EventDetailsInfoView.swift */,
			);
			path = "Event Details";
			sourceTree = "<group>";
		};
		48400E891D8EF94F00927EB6 /* Login */ = {
			isa = PBXGroup;
			children = (
				48400E8A1D8EFAB400927EB6 /* LoginViewController.swift */,
				4864A8B01DCFA99C001561D4 /* LoginViewModel.swift */,
			);
			path = Login;
			sourceTree = "<group>";
		};
		484951731D9649D700C95F2F /* Group Details */ = {
			isa = PBXGroup;
			children = (
				484951741D964A6600C95F2F /* GroupDetailsViewController.swift */,
				484951761D964BCE00C95F2F /* GroupDetailsDataSource.swift */,
			);
			path = "Group Details";
			sourceTree = "<group>";
		};
		484951781D9653D600C95F2F /* Pool List */ = {
			isa = PBXGroup;
			children = (
				4849517B1D9657AA00C95F2F /* PoolListViewController.swift */,
				484951791D9653E600C95F2F /* PoolListDataSource.swift */,
			);
			name = "Pool List";
			path = Pools;
			sourceTree = "<group>";
		};
		486797171DE5459400C70324 /* Event List */ = {
			isa = PBXGroup;
			children = (
				486797181DE5464000C70324 /* EventListViewController.swift */,
				4867971C1DE5465E00C70324 /* EventListDataSource.swift */,
				4867971A1DE5465200C70324 /* EventListDataController.swift */,
				488350771E8EA93A0008C558 /* EventCell.swift */,
				488350791E8EAA9F0008C558 /* ListContentView.swift */,
			);
			name = "Event List";
			path = Events;
			sourceTree = "<group>";
		};
		487875691DDBC974008789A0 /* TodayExtension */ = {
			isa = PBXGroup;
			children = (
				4878756F1DDBC974008789A0 /* Info.plist */,
				48E9F0B11DE0CD1000F8197B /* TodayDataSource.swift */,
				480486AF1E3094E60081609A /* TodayEmptyCell.swift */,
				481689411E209EB20064236B /* TodayEventCell.swift */,
				487876F21DDC20B0008789A0 /* TodayExtension.entitlements */,
				481689431E20B1510064236B /* TodayTeamHeaderView.swift */,
				4878756A1DDBC974008789A0 /* TodayViewController.swift */,
				48E9F0B31DE0D0EB00F8197B /* TodayViewModel.swift */,
			);
			path = TodayExtension;
			sourceTree = "<group>";
		};
		487877051DDD4A66008789A0 /* Team Details */ = {
			isa = PBXGroup;
			children = (
				4878770A1DDD4B1F008789A0 /* TeamDetailsDataSource.swift */,
				488033C71E2F28530085A631 /* TeamDetailsHeaderView.swift */,
				488033C91E2F28900085A631 /* TeamDetailsInfoView.swift */,
				487877061DDD4A8D008789A0 /* TeamDetailsViewController.swift */,
				487877081DDD4B13008789A0 /* TeamDetailsViewModel.swift */,
			);
			path = "Team Details";
			sourceTree = "<group>";
		};
		487BF3721D9856760082D6FC /* Game List */ = {
			isa = PBXGroup;
			children = (
				487BF3751D985A230082D6FC /* GameListViewController.swift */,
				487876D31DDBFFC4008789A0 /* GameListDataSource.swift */,
			);
			path = "Game List";
			sourceTree = "<group>";
		};
		487BF3841D9A0A1B0082D6FC /* Bracket List */ = {
			isa = PBXGroup;
			children = (
				487BF3871D9A0B630082D6FC /* BracketListViewController.swift */,
				487BF3851D9A0A340082D6FC /* BracketListDataSource.swift */,
			);
			path = "Bracket List";
			sourceTree = "<group>";
		};
		48A2E70E1DA49CF200B7B422 /* Settings */ = {
			isa = PBXGroup;
			children = (
				48A2E71C1DA4B54700B7B422 /* Acknowledgement */,
				48A2E7171DA4AFF800B7B422 /* Acknowledgement List */,
				487876FE1DDCD8A6008789A0 /* SettingsCell.swift */,
				48A2E7111DA49E1800B7B422 /* SettingsDataSource.swift */,
				486797281DE63F5A00C70324 /* SettingsHeaderView.swift */,
				48A2E70F1DA49D2300B7B422 /* SettingsViewController.swift */,
			);
			path = Settings;
			sourceTree = "<group>";
		};
		48A2E7171DA4AFF800B7B422 /* Acknowledgement List */ = {
			isa = PBXGroup;
			children = (
				48A2E71A1DA4B02200B7B422 /* AcknowledgementListDataSource.swift */,
				48A2E7181DA4B01600B7B422 /* AcknowledgementListViewController.swift */,
			);
			path = "Acknowledgement List";
			sourceTree = "<group>";
		};
		48A2E71C1DA4B54700B7B422 /* Acknowledgement */ = {
			isa = PBXGroup;
			children = (
				48A2E71D1DA4B55900B7B422 /* AcknowledgementViewController.swift */,
			);
			path = Acknowledgement;
			sourceTree = "<group>";
		};
		68A0FF57993D076C9C493638 /* iOS */ = {
			isa = PBXGroup;
			children = (
				693B305DC64788811391D5AF /* Foundation.framework */,
			);
			name = iOS;
			sourceTree = "<group>";
		};
		7260F929EC527B6016179664 /* Resources */ = {
			isa = PBXGroup;
			children = (
				E8B50829352C52B2EA51452D /* UnitTests-Info.plist */,
			);
			path = Resources;
			sourceTree = "<group>";
		};
		8B15EA5848F643DEE4DA2678 /* Helpers */ = {
			isa = PBXGroup;
			children = (
			);
			path = Helpers;
			sourceTree = "<group>";
		};
		8C9462C06DBD76CB33CD55E2 /* Controllers */ = {
			isa = PBXGroup;
			children = (
				483453C61D8DBB4C00F0918A /* BackAnimationController.swift */,
				485AEEEF1DCC20F900F11029 /* BackInteractionController.swift */,
				0680347F1D3F140A006BD4C1 /* BaseNavigationController.swift */,
				485562281DC6F7620011C53D /* NavigationBarAnimatorView.swift */,
				4815808A1DC86A50008F141B /* NavigationButton.swift */,
				4815808E1DC86A66008F141B /* NavigationItemButtonView.swift */,
				4815808C1DC86A5A008F141B /* NavigationItemView.swift */,
				48400E921D8F573300927EB6 /* TabBarController.swift */,
			);
			path = Controllers;
			sourceTree = "<group>";
		};
		8D5C71E94EB7BB938BEF1C6E /* Tests */ = {
			isa = PBXGroup;
			children = (
			);
			path = Tests;
			sourceTree = "<group>";
		};
		9EFD5DD9B1ADAC3E3242E245 /* Products */ = {
			isa = PBXGroup;
			children = (
				53C12ADEC315EA54F9AA76A3 /* ScoreReporter.app */,
				ECC37AEEC24C8C98B8293146 /* UnitTests.xctest */,
				487875661DDBC974008789A0 /* TodayExtension.appex */,
			);
			name = Products;
			sourceTree = "<group>";
		};
		BDCB23798C38F5C0642B2160 /* ScoreReporter */ = {
			isa = PBXGroup;
			children = (
				488350811E8F26130008C558 /* Appearance.swift */,
				488350831E8F26E70008C558 /* DeepLinkCoordinator.swift */,
				E2E5ED9D04AACD67F94ABF4E /* Application */,
				483453BD1D8D8A0D00F0918A /* Home */,
				486797171DE5459400C70324 /* Event List */,
				483453BE1D8D8A3700F0918A /* Event Details */,
				484951731D9649D700C95F2F /* Group Details */,
				484951781D9653D600C95F2F /* Pool List */,
				487BF3841D9A0A1B0082D6FC /* Bracket List */,
				8C9462C06DBD76CB33CD55E2 /* Controllers */,
				4812A1661DFD085900587173 /* Game Details */,
				487BF3721D9856760082D6FC /* Game List */,
				480D9B3F1DFBDC0700DF1536 /* Group Team Details */,
				48400E891D8EF94F00927EB6 /* Login */,
				2E91F1BFF2A58D6F931A75C4 /* Resources */,
				48A2E70E1DA49CF200B7B422 /* Settings */,
				487877051DDD4A66008789A0 /* Team Details */,
				482E43C91DD04E11005790F2 /* Teams */,
				4864A8BA1DCFBAE1001561D4 /* ScoreReporter.entitlements */,
			);
			path = ScoreReporter;
			sourceTree = "<group>";
		};
		D6765F0F8515402A5393BD58 /* UnitTests */ = {
			isa = PBXGroup;
			children = (
				8B15EA5848F643DEE4DA2678 /* Helpers */,
				7260F929EC527B6016179664 /* Resources */,
				8D5C71E94EB7BB938BEF1C6E /* Tests */,
			);
			path = UnitTests;
			sourceTree = "<group>";
		};
		DCC11C7EE4C5975D2493EB06 /* Pods */ = {
			isa = PBXGroup;
			children = (
				01D2D59648E4497DDEA9D944 /* Pods-ScoreReporter.release.xcconfig */,
				DB8710D0BC735C12F2E5C91F /* Pods-ScoreReporter.debug.xcconfig */,
				AA684B8E6508811307A38A06 /* Pods-TodayExtension.debug.xcconfig */,
				7093D91011D5EBB446FFC907 /* Pods-TodayExtension.release.xcconfig */,
			);
			name = Pods;
			sourceTree = "<group>";
		};
		E2E5ED9D04AACD67F94ABF4E /* Application */ = {
			isa = PBXGroup;
			children = (
				52680920874D492D40D00CFD /* AppDelegate.swift */,
			);
			path = Application;
			sourceTree = "<group>";
		};
/* End PBXGroup section */

/* Begin PBXNativeTarget section */
		487875651DDBC974008789A0 /* TodayExtension */ = {
			isa = PBXNativeTarget;
			buildConfigurationList = 487875731DDBC974008789A0 /* Build configuration list for PBXNativeTarget "TodayExtension" */;
			buildPhases = (
				6F34442FBC792CAFDEB517EC /* [CP] Check Pods Manifest.lock */,
				487875621DDBC974008789A0 /* Sources */,
				487875631DDBC974008789A0 /* Frameworks */,
				487875641DDBC974008789A0 /* Resources */,
				F14D08426B29E106EE022C79 /* [CP] Copy Pods Resources */,
			);
			buildRules = (
			);
			dependencies = (
			);
			name = TodayExtension;
			productName = TodayExtension;
			productReference = 487875661DDBC974008789A0 /* TodayExtension.appex */;
			productType = "com.apple.product-type.app-extension";
		};
		BD6C1FD2302B8FE50C967CE7 /* ScoreReporter */ = {
			isa = PBXNativeTarget;
			buildConfigurationList = E6ABFC6A0536DBDACB8D6480 /* Build configuration list for PBXNativeTarget "ScoreReporter" */;
			buildPhases = (
				E11929AD81B8D59E0B772A80 /* [CP] Check Pods Manifest.lock */,
				4D3C4FE6F25965146E7DB668 /* Sources */,
				1644F040C7ECBC394F5CCDE4 /* Frameworks */,
				A2C6FCDEF984C56E853E275B /* Resources */,
				D11CF7FF6D7253616294169A /* Warn for TODO and FIXME comments */,
				CD3B290AE94E5C5705BD37EF /* Set version number */,
				6F7B224955C4D51C5E2E7FB9 /* [CP] Embed Pods Frameworks */,
				4876729D6E848D674A2BB376 /* [CP] Copy Pods Resources */,
				487875761DDBC974008789A0 /* Embed App Extensions */,
				487875901DDBF31A008789A0 /* Embed Frameworks */,
				486797241DE563DD00C70324 /* SwiftLint */,
			);
			buildRules = (
			);
			dependencies = (
				487875711DDBC974008789A0 /* PBXTargetDependency */,
			);
			name = ScoreReporter;
			productName = ScoreReporter;
			productReference = 53C12ADEC315EA54F9AA76A3 /* ScoreReporter.app */;
			productType = "com.apple.product-type.application";
		};
		BF071942AAF8B5797A463E15 /* UnitTests */ = {
			isa = PBXNativeTarget;
			buildConfigurationList = 8CF34098D12568B13E8C7D02 /* Build configuration list for PBXNativeTarget "UnitTests" */;
			buildPhases = (
				82EDB9BD0C3A11869B5E8300 /* Sources */,
				8B9B9A1A5F33CECABC657263 /* Frameworks */,
				C329C3D671850177C6E62BB9 /* Resources */,
			);
			buildRules = (
			);
			dependencies = (
				87A5CA5A1CAF8AB2CA923F36 /* PBXTargetDependency */,
			);
			name = UnitTests;
			productName = UnitTests;
			productReference = ECC37AEEC24C8C98B8293146 /* UnitTests.xctest */;
			productType = "com.apple.product-type.bundle.unit-test";
		};
/* End PBXNativeTarget section */

/* Begin PBXProject section */
		9908A4E7CAEDE5855F39122C /* Project object */ = {
			isa = PBXProject;
			attributes = {
				CLASSPREFIX = "";
				LastSwiftUpdateCheck = 0810;
				LastUpgradeCheck = 0820;
				ORGANIZATIONNAME = "Brad Smith";
				TargetAttributes = {
					487875651DDBC974008789A0 = {
						CreatedOnToolsVersion = 8.1;
						DevelopmentTeam = Q9WZ7ZSJK2;
						ProvisioningStyle = Automatic;
						SystemCapabilities = {
							com.apple.ApplicationGroups.iOS = {
								enabled = 1;
							};
							com.apple.Keychain = {
								enabled = 1;
							};
						};
					};
					BD6C1FD2302B8FE50C967CE7 = {
						DevelopmentTeam = Q9WZ7ZSJK2;
						LastSwiftMigration = 0810;
						SystemCapabilities = {
							com.apple.ApplicationGroups.iOS = {
								enabled = 1;
							};
							com.apple.Keychain = {
								enabled = 1;
							};
						};
					};
				};
			};
			buildConfigurationList = B6859C92281FC50A5284E913 /* Build configuration list for PBXProject "ScoreReporter" */;
			compatibilityVersion = "Xcode 3.2";
			developmentRegion = English;
			hasScannedForEncodings = 0;
			knownRegions = (
				en,
				Base,
			);
			mainGroup = 3896B0DAF0B7AFBE95DE0E4B;
			productRefGroup = 9EFD5DD9B1ADAC3E3242E245 /* Products */;
			projectDirPath = "";
			projectRoot = "";
			targets = (
				BD6C1FD2302B8FE50C967CE7 /* ScoreReporter */,
				BF071942AAF8B5797A463E15 /* UnitTests */,
				487875651DDBC974008789A0 /* TodayExtension */,
			);
		};
/* End PBXProject section */

/* Begin PBXResourcesBuildPhase section */
		487875641DDBC974008789A0 /* Resources */ = {
			isa = PBXResourcesBuildPhase;
			buildActionMask = 2147483647;
			files = (
			);
			runOnlyForDeploymentPostprocessing = 0;
		};
		A2C6FCDEF984C56E853E275B /* Resources */ = {
			isa = PBXResourcesBuildPhase;
			buildActionMask = 2147483647;
			files = (
				01F48093C80BC7197AFDE3D8 /* Images.xcassets in Resources */,
				48F8B5331DC4FDD70031DB5B /* Settings.bundle in Resources */,
				31229FBAC89902DC8BB026C0 /* LaunchScreen.xib in Resources */,
			);
			runOnlyForDeploymentPostprocessing = 0;
		};
		C329C3D671850177C6E62BB9 /* Resources */ = {
			isa = PBXResourcesBuildPhase;
			buildActionMask = 2147483647;
			files = (
			);
			runOnlyForDeploymentPostprocessing = 0;
		};
/* End PBXResourcesBuildPhase section */

/* Begin PBXShellScriptBuildPhase section */
		486797241DE563DD00C70324 /* SwiftLint */ = {
			isa = PBXShellScriptBuildPhase;
			buildActionMask = 2147483647;
			files = (
			);
			inputPaths = (
			);
			name = SwiftLint;
			outputPaths = (
			);
			runOnlyForDeploymentPostprocessing = 0;
			shellPath = /bin/sh;
			shellScript = "if which swiftlint >/dev/null; then\n    swiftlint\nelse\n    echo \"warning: SwiftLint not installed, download from https://github.com/realm/SwiftLint\"\nfi";
		};
		4876729D6E848D674A2BB376 /* [CP] Copy Pods Resources */ = {
			isa = PBXShellScriptBuildPhase;
			buildActionMask = 2147483647;
			files = (
			);
			inputPaths = (
			);
			name = "[CP] Copy Pods Resources";
			outputPaths = (
			);
			runOnlyForDeploymentPostprocessing = 0;
			shellPath = /bin/sh;
			shellScript = "\"${SRCROOT}/Pods/Target Support Files/Pods-ScoreReporter/Pods-ScoreReporter-resources.sh\"\n";
			showEnvVarsInLog = 0;
		};
		6F34442FBC792CAFDEB517EC /* [CP] Check Pods Manifest.lock */ = {
			isa = PBXShellScriptBuildPhase;
			buildActionMask = 2147483647;
			files = (
			);
			inputPaths = (
			);
			name = "[CP] Check Pods Manifest.lock";
			outputPaths = (
			);
			runOnlyForDeploymentPostprocessing = 0;
			shellPath = /bin/sh;
			shellScript = "diff \"${PODS_PODFILE_DIR_PATH}/Podfile.lock\" \"${PODS_ROOT}/Manifest.lock\" > /dev/null\nif [ $? != 0 ] ; then\n    # print error to STDERR\n    echo \"error: The sandbox is not in sync with the Podfile.lock. Run 'pod install' or update your CocoaPods installation.\" >&2\n    exit 1\nfi\n";
			showEnvVarsInLog = 0;
		};
		6F7B224955C4D51C5E2E7FB9 /* [CP] Embed Pods Frameworks */ = {
			isa = PBXShellScriptBuildPhase;
			buildActionMask = 2147483647;
			files = (
			);
			inputPaths = (
			);
			name = "[CP] Embed Pods Frameworks";
			outputPaths = (
			);
			runOnlyForDeploymentPostprocessing = 0;
			shellPath = /bin/sh;
			shellScript = "\"${SRCROOT}/Pods/Target Support Files/Pods-ScoreReporter/Pods-ScoreReporter-frameworks.sh\"\n";
			showEnvVarsInLog = 0;
		};
		CD3B290AE94E5C5705BD37EF /* Set version number */ = {
			isa = PBXShellScriptBuildPhase;
			buildActionMask = 2147483647;
			files = (
			);
			inputPaths = (
			);
			name = "Set version number";
			outputPaths = (
			);
			runOnlyForDeploymentPostprocessing = 0;
			shellPath = /bin/sh;
			shellScript = "git=$(sh /etc/profile; which git)\ngit_release_version=$(\"$git\" describe --tags --always --abbrev=0)\nnumber_of_commits=$(\"$git\" rev-list master --count)\ntarget_plist=\"$TARGET_BUILD_DIR/$INFOPLIST_PATH\"\ndsym_plist=\"$DWARF_DSYM_FOLDER_PATH/$DWARF_DSYM_FILE_NAME/Contents/Info.plist\"\n\nfor plist in \"$target_plist\" \"$dsym_plist\"; do\n  if [ -f \"$plist\" ]; then\n    /usr/libexec/PlistBuddy -c \"Set :CFBundleVersion $number_of_commits\" \"$plist\"\n    /usr/libexec/PlistBuddy -c \"Set :CFBundleShortVersionString ${git_release_version#*v}\" \"$plist\"\n  fi\ndone\n";
		};
		D11CF7FF6D7253616294169A /* Warn for TODO and FIXME comments */ = {
			isa = PBXShellScriptBuildPhase;
			buildActionMask = 2147483647;
			files = (
			);
			inputPaths = (
			);
			name = "Warn for TODO and FIXME comments";
			outputPaths = (
			);
			runOnlyForDeploymentPostprocessing = 0;
			shellPath = /bin/sh;
			shellScript = "KEYWORDS=\"TODO:|FIXME:|\\?\\?\\?:|\\!\\!\\!:\"\nFILE_EXTENSIONS=\"swift|h|m|mm|c|cpp\"\nfind -E \"${SRCROOT}\" -ipath \"${SRCROOT}/Carthage\" -o -ipath \"${SRCROOT}/pods\" -prune -o \\( -regex \".*\\.($FILE_EXTENSIONS)$\" \\) -print0 | xargs -0 egrep --with-filename --line-number --only-matching \"($KEYWORDS).*\\$\" | perl -p -e \"s/($KEYWORDS)/ warning: \\$1/\"\n";
		};
		E11929AD81B8D59E0B772A80 /* [CP] Check Pods Manifest.lock */ = {
			isa = PBXShellScriptBuildPhase;
			buildActionMask = 2147483647;
			files = (
			);
			inputPaths = (
			);
			name = "[CP] Check Pods Manifest.lock";
			outputPaths = (
			);
			runOnlyForDeploymentPostprocessing = 0;
			shellPath = /bin/sh;
			shellScript = "diff \"${PODS_PODFILE_DIR_PATH}/Podfile.lock\" \"${PODS_ROOT}/Manifest.lock\" > /dev/null\nif [ $? != 0 ] ; then\n    # print error to STDERR\n    echo \"error: The sandbox is not in sync with the Podfile.lock. Run 'pod install' or update your CocoaPods installation.\" >&2\n    exit 1\nfi\n";
			showEnvVarsInLog = 0;
		};
		F14D08426B29E106EE022C79 /* [CP] Copy Pods Resources */ = {
			isa = PBXShellScriptBuildPhase;
			buildActionMask = 2147483647;
			files = (
			);
			inputPaths = (
			);
			name = "[CP] Copy Pods Resources";
			outputPaths = (
			);
			runOnlyForDeploymentPostprocessing = 0;
			shellPath = /bin/sh;
			shellScript = "\"${SRCROOT}/Pods/Target Support Files/Pods-TodayExtension/Pods-TodayExtension-resources.sh\"\n";
			showEnvVarsInLog = 0;
		};
/* End PBXShellScriptBuildPhase section */

/* Begin PBXSourcesBuildPhase section */
		487875621DDBC974008789A0 /* Sources */ = {
			isa = PBXSourcesBuildPhase;
			buildActionMask = 2147483647;
			files = (
				48E9F0B21DE0CD1000F8197B /* TodayDataSource.swift in Sources */,
				4878756B1DDBC974008789A0 /* TodayViewController.swift in Sources */,
				481689441E20B1510064236B /* TodayTeamHeaderView.swift in Sources */,
				481689421E209EB20064236B /* TodayEventCell.swift in Sources */,
				48E9F0B41DE0D0EB00F8197B /* TodayViewModel.swift in Sources */,
				480486B01E3094E60081609A /* TodayEmptyCell.swift in Sources */,
			);
			runOnlyForDeploymentPostprocessing = 0;
		};
		4D3C4FE6F25965146E7DB668 /* Sources */ = {
			isa = PBXSourcesBuildPhase;
			buildActionMask = 2147483647;
			files = (
				4815808B1DC86A50008F141B /* NavigationButton.swift in Sources */,
				48400E931D8F573300927EB6 /* TabBarController.swift in Sources */,
				4878770B1DDD4B1F008789A0 /* TeamDetailsDataSource.swift in Sources */,
				4815808D1DC86A5A008F141B /* NavigationItemView.swift in Sources */,
				486797211DE54B1300C70324 /* TeamsViewModel.swift in Sources */,
				487BF3861D9A0A340082D6FC /* BracketListDataSource.swift in Sources */,
				48A2E7101DA49D2300B7B422 /* SettingsViewController.swift in Sources */,
				487876FF1DDCD8A6008789A0 /* SettingsCell.swift in Sources */,
				485562291DC6F7620011C53D /* NavigationBarAnimatorView.swift in Sources */,
				4812A16C1DFD08BF00587173 /* GameDetailsViewModel.swift in Sources */,
				483453B81D8D009200F0918A /* HomeDataSource.swift in Sources */,
				48A2E71B1DA4B02200B7B422 /* AcknowledgementListDataSource.swift in Sources */,
				48496D951DEB8CF300AE5942 /* EventDetailsInfoView.swift in Sources */,
				489E007E1DFBDD62001268FA /* GroupTeamDetailsViewController.swift in Sources */,
				4849517C1D9657AA00C95F2F /* PoolListViewController.swift in Sources */,
				5F1F056AF317FD3844411674 /* AppDelegate.swift in Sources */,
				068034801D3F140A006BD4C1 /* BaseNavigationController.swift in Sources */,
				488350821E8F26130008C558 /* Appearance.swift in Sources */,
				4864A8B11DCFA99C001561D4 /* LoginViewModel.swift in Sources */,
				48496D911DE94CE800AE5942 /* EventDetailsHeaderView.swift in Sources */,
				480D9B411DFBDC1F00DF1536 /* GroupTeamDetailsDataSource.swift in Sources */,
				488033CA1E2F28900085A631 /* TeamDetailsInfoView.swift in Sources */,
				487877091DDD4B13008789A0 /* TeamDetailsViewModel.swift in Sources */,
				488350781E8EA93A0008C558 /* EventCell.swift in Sources */,
				488033C81E2F28530085A631 /* TeamDetailsHeaderView.swift in Sources */,
				48400E8B1D8EFAB400927EB6 /* LoginViewController.swift in Sources */,
				483453C71D8DBB4C00F0918A /* BackAnimationController.swift in Sources */,
				486797191DE5464000C70324 /* EventListViewController.swift in Sources */,
				48A2E7191DA4B01600B7B422 /* AcknowledgementListViewController.swift in Sources */,
				488CAA6C1D7E4A5E00C3E597 /* HomeDataController.swift in Sources */,
				4849517A1D9653E600C95F2F /* PoolListDataSource.swift in Sources */,
				4867971D1DE5465E00C70324 /* EventListDataSource.swift in Sources */,
				4867971B1DE5465200C70324 /* EventListDataController.swift in Sources */,
				484EBC301E22117B00B7A61B /* GameDetailsPresentationController.swift in Sources */,
				487876D41DDBFFC4008789A0 /* GameListDataSource.swift in Sources */,
				4883507A1E8EAA9F0008C558 /* ListContentView.swift in Sources */,
				484951751D964A6600C95F2F /* GroupDetailsViewController.swift in Sources */,
				487BF3761D985A230082D6FC /* GameListViewController.swift in Sources */,
				488350841E8F26E70008C558 /* DeepLinkCoordinator.swift in Sources */,
				487BF3881D9A0B630082D6FC /* BracketListViewController.swift in Sources */,
				48400EA01D90DC4800927EB6 /* EventDetailsDataController.swift in Sources */,
				48400E8F1D8F4B5D00927EB6 /* EventDetailsDataSource.swift in Sources */,
				486797231DE54B1A00C70324 /* TeamsDataSource.swift in Sources */,
				485AEEF01DCC20F900F11029 /* BackInteractionController.swift in Sources */,
				483453C31D8DA87900F0918A /* EventDetailsViewController.swift in Sources */,
				486797291DE63F5A00C70324 /* SettingsHeaderView.swift in Sources */,
				4815808F1DC86A66008F141B /* NavigationItemButtonView.swift in Sources */,
				488CAA641D7E367600C3E597 /* HomeViewController.swift in Sources */,
				48A2E7121DA49E1800B7B422 /* SettingsDataSource.swift in Sources */,
				484951771D964BCE00C95F2F /* GroupDetailsDataSource.swift in Sources */,
				4867971F1DE54B0900C70324 /* TeamsViewController.swift in Sources */,
				48A2E71E1DA4B55900B7B422 /* AcknowledgementViewController.swift in Sources */,
				4812A16A1DFD087900587173 /* GameDetailsViewController.swift in Sources */,
				487877071DDD4A8D008789A0 /* TeamDetailsViewController.swift in Sources */,
			);
			runOnlyForDeploymentPostprocessing = 0;
		};
		82EDB9BD0C3A11869B5E8300 /* Sources */ = {
			isa = PBXSourcesBuildPhase;
			buildActionMask = 2147483647;
			files = (
			);
			runOnlyForDeploymentPostprocessing = 0;
		};
/* End PBXSourcesBuildPhase section */

/* Begin PBXTargetDependency section */
		487875711DDBC974008789A0 /* PBXTargetDependency */ = {
			isa = PBXTargetDependency;
			target = 487875651DDBC974008789A0 /* TodayExtension */;
			targetProxy = 487875701DDBC974008789A0 /* PBXContainerItemProxy */;
		};
		87A5CA5A1CAF8AB2CA923F36 /* PBXTargetDependency */ = {
			isa = PBXTargetDependency;
			name = ScoreReporter;
			target = BD6C1FD2302B8FE50C967CE7 /* ScoreReporter */;
			targetProxy = BFD5306F4574C7A503A34ACE /* PBXContainerItemProxy */;
		};
/* End PBXTargetDependency section */

/* Begin XCBuildConfiguration section */
		0700C64B95F5763190D86862 /* Debug */ = {
			isa = XCBuildConfiguration;
			buildSettings = {
				BUNDLE_LOADER = "$(BUILT_PRODUCTS_DIR)/ScoreReporter.app/ScoreReporter";
				ENABLE_STRICT_OBJC_MSGSEND = YES;
				FRAMEWORK_SEARCH_PATHS = (
					"$(SDKROOT)/Developer/Library/Frameworks",
					"$(inherited)",
					"$(DEVELOPER_FRAMEWORKS_DIR)",
				);
				INFOPLIST_FILE = "UnitTests/Resources/UnitTests-Info.plist";
				PRODUCT_BUNDLE_IDENTIFIER = "com.bradsmith.${PRODUCT_NAME:rfc1034identifier}";
				PRODUCT_NAME = "$(TARGET_NAME)";
				SDKROOT = iphoneos;
				SKIP_INSTALL = YES;
				TEST_HOST = "$(BUNDLE_LOADER)";
				WRAPPER_EXTENSION = xctest;
			};
			name = Debug;
		};
		2AA3852F591321C3744A9D27 /* Debug */ = {
			isa = XCBuildConfiguration;
			buildSettings = {
				ALWAYS_SEARCH_USER_PATHS = NO;
				ASSETCATALOG_COMPILER_APPICON_NAME = AppIcon;
				CLANG_CXX_LANGUAGE_STANDARD = "gnu++0x";
				CLANG_CXX_LIBRARY = "libc++";
				CLANG_ENABLE_MODULES = YES;
				CLANG_ENABLE_OBJC_ARC = YES;
				CLANG_WARN_BOOL_CONVERSION = YES;
				CLANG_WARN_CONSTANT_CONVERSION = YES;
				CLANG_WARN_DEPRECATED_OBJC_IMPLEMENTATIONS = YES;
				CLANG_WARN_DIRECT_OBJC_ISA_USAGE = YES;
				CLANG_WARN_EMPTY_BODY = YES;
				CLANG_WARN_ENUM_CONVERSION = YES;
				CLANG_WARN_IMPLICIT_SIGN_CONVERSION = YES;
				CLANG_WARN_INFINITE_RECURSION = YES;
				CLANG_WARN_INT_CONVERSION = YES;
				CLANG_WARN_OBJC_IMPLICIT_RETAIN_SELF = YES;
				CLANG_WARN_OBJC_ROOT_CLASS = YES;
				CLANG_WARN_SUSPICIOUS_IMPLICIT_CONVERSION = YES;
				CLANG_WARN_SUSPICIOUS_MOVE = YES;
				CLANG_WARN_UNREACHABLE_CODE = YES;
				CLANG_WARN__DUPLICATE_METHOD_MATCH = YES;
				"CODE_SIGN_IDENTITY[sdk=iphoneos*]" = "iPhone Developer";
				COPY_PHASE_STRIP = NO;
				ENABLE_STRICT_OBJC_MSGSEND = YES;
				ENABLE_TESTABILITY = YES;
				GCC_C_LANGUAGE_STANDARD = gnu99;
				GCC_DYNAMIC_NO_PIC = NO;
				GCC_NO_COMMON_BLOCKS = YES;
				GCC_OPTIMIZATION_LEVEL = 0;
				GCC_PREPROCESSOR_DEFINITIONS = (
					"DEBUG=1",
					"$(inherited)",
				);
				GCC_SYMBOLS_PRIVATE_EXTERN = NO;
				GCC_WARN_64_TO_32_BIT_CONVERSION = YES;
				GCC_WARN_ABOUT_DEPRECATED_FUNCTIONS = YES;
				GCC_WARN_ABOUT_MISSING_FIELD_INITIALIZERS = YES;
				GCC_WARN_ABOUT_MISSING_NEWLINE = YES;
				GCC_WARN_ABOUT_RETURN_TYPE = YES;
				GCC_WARN_CHECK_SWITCH_STATEMENTS = YES;
				GCC_WARN_INITIALIZER_NOT_FULLY_BRACKETED = YES;
				GCC_WARN_MISSING_PARENTHESES = YES;
				GCC_WARN_SHADOW = YES;
				GCC_WARN_SIGN_COMPARE = YES;
				GCC_WARN_TYPECHECK_CALLS_TO_PRINTF = YES;
				GCC_WARN_UNDECLARED_SELECTOR = YES;
				GCC_WARN_UNINITIALIZED_AUTOS = YES;
				GCC_WARN_UNUSED_FUNCTION = YES;
				GCC_WARN_UNUSED_LABEL = YES;
				GCC_WARN_UNUSED_VALUE = YES;
				GCC_WARN_UNUSED_VARIABLE = YES;
				IPHONEOS_DEPLOYMENT_TARGET = 9.0;
				ONLY_ACTIVE_ARCH = YES;
				RUN_CLANG_STATIC_ANALYZER = YES;
				SDKROOT = iphoneos;
			};
			name = Debug;
		};
		487875741DDBC974008789A0 /* Debug */ = {
			isa = XCBuildConfiguration;
			baseConfigurationReference = AA684B8E6508811307A38A06 /* Pods-TodayExtension.debug.xcconfig */;
			buildSettings = {
				CLANG_ANALYZER_NONNULL = YES;
				CLANG_WARN_DIRECT_OBJC_ISA_USAGE = YES_ERROR;
				CLANG_WARN_DOCUMENTATION_COMMENTS = YES;
				CLANG_WARN_OBJC_ROOT_CLASS = YES_ERROR;
				CLANG_WARN_SUSPICIOUS_MOVES = YES;
				CODE_SIGN_ENTITLEMENTS = TodayExtension/TodayExtension.entitlements;
				DEBUG_INFORMATION_FORMAT = dwarf;
				DEVELOPMENT_TEAM = Q9WZ7ZSJK2;
				FRAMEWORK_SEARCH_PATHS = (
					"$(inherited)",
					"$(PROJECT_DIR)/ScoreReporterCore/build/Debug-iphoneos",
				);
				GCC_WARN_ABOUT_RETURN_TYPE = YES_ERROR;
				GCC_WARN_UNINITIALIZED_AUTOS = YES_AGGRESSIVE;
				INFOPLIST_FILE = TodayExtension/Info.plist;
				IPHONEOS_DEPLOYMENT_TARGET = 10.0;
				LD_RUNPATH_SEARCH_PATHS = "$(inherited) @executable_path/Frameworks @executable_path/../../Frameworks";
				MTL_ENABLE_DEBUG_INFO = YES;
				PRODUCT_BUNDLE_IDENTIFIER = com.bradsmith.ScoreReporter.TodayExtension;
				PRODUCT_NAME = "$(TARGET_NAME)";
				SKIP_INSTALL = YES;
				SWIFT_ACTIVE_COMPILATION_CONDITIONS = DEBUG;
				SWIFT_OPTIMIZATION_LEVEL = "-Onone";
				SWIFT_VERSION = 3.0;
			};
			name = Debug;
		};
		487875751DDBC974008789A0 /* Release */ = {
			isa = XCBuildConfiguration;
			baseConfigurationReference = 7093D91011D5EBB446FFC907 /* Pods-TodayExtension.release.xcconfig */;
			buildSettings = {
				CLANG_ANALYZER_NONNULL = YES;
				CLANG_WARN_DIRECT_OBJC_ISA_USAGE = YES_ERROR;
				CLANG_WARN_DOCUMENTATION_COMMENTS = YES;
				CLANG_WARN_OBJC_ROOT_CLASS = YES_ERROR;
				CLANG_WARN_SUSPICIOUS_MOVES = YES;
				CODE_SIGN_ENTITLEMENTS = TodayExtension/TodayExtension.entitlements;
				COPY_PHASE_STRIP = NO;
				DEBUG_INFORMATION_FORMAT = "dwarf-with-dsym";
				DEVELOPMENT_TEAM = Q9WZ7ZSJK2;
				FRAMEWORK_SEARCH_PATHS = (
					"$(inherited)",
					"$(PROJECT_DIR)/ScoreReporterCore/build/Debug-iphoneos",
				);
				GCC_WARN_ABOUT_RETURN_TYPE = YES_ERROR;
				GCC_WARN_UNINITIALIZED_AUTOS = YES_AGGRESSIVE;
				INFOPLIST_FILE = TodayExtension/Info.plist;
				IPHONEOS_DEPLOYMENT_TARGET = 10.0;
				LD_RUNPATH_SEARCH_PATHS = "$(inherited) @executable_path/Frameworks @executable_path/../../Frameworks";
				MTL_ENABLE_DEBUG_INFO = NO;
				PRODUCT_BUNDLE_IDENTIFIER = com.bradsmith.ScoreReporter.TodayExtension;
				PRODUCT_NAME = "$(TARGET_NAME)";
				SKIP_INSTALL = YES;
				SWIFT_VERSION = 3.0;
			};
			name = Release;
		};
		65592B4AA7A2CA8EFF64820E /* Release */ = {
			isa = XCBuildConfiguration;
			baseConfigurationReference = 01D2D59648E4497DDEA9D944 /* Pods-ScoreReporter.release.xcconfig */;
			buildSettings = {
				ALWAYS_EMBED_SWIFT_STANDARD_LIBRARIES = YES;
				ASSETCATALOG_COMPILER_APPICON_NAME = AppIcon;
				CODE_SIGN_ENTITLEMENTS = ScoreReporter/ScoreReporter.entitlements;
				"CODE_SIGN_IDENTITY[sdk=iphoneos*]" = "iPhone Developer";
				DEVELOPMENT_TEAM = Q9WZ7ZSJK2;
				ENABLE_STRICT_OBJC_MSGSEND = YES;
				GCC_TREAT_WARNINGS_AS_ERRORS = YES;
				INFOPLIST_FILE = ScoreReporter/Resources/Info.plist;
				IPHONEOS_DEPLOYMENT_TARGET = 10.0;
				LD_RUNPATH_SEARCH_PATHS = "$(inherited) @executable_path/Frameworks";
				MTL_ENABLE_DEBUG_INFO = NO;
				OTHER_SWIFT_FLAGS = "$(inherited) \"-D\" \"COCOAPODS\" \"-Xfrontend\" \"-warn-long-function-bodies=100\"";
				PRODUCT_BUNDLE_IDENTIFIER = "com.bradsmith.${PRODUCT_NAME:rfc1034identifier}";
				PRODUCT_NAME = "$(TARGET_NAME)";
				SDKROOT = iphoneos;
				SWIFT_OPTIMIZATION_LEVEL = "-Owholemodule";
				SWIFT_VERSION = 3.0;
			};
			name = Release;
		};
		7BE1477EC47180B06F582864 /* Release */ = {
			isa = XCBuildConfiguration;
			buildSettings = {
				ALWAYS_SEARCH_USER_PATHS = NO;
				ASSETCATALOG_COMPILER_APPICON_NAME = AppIcon;
				CLANG_CXX_LANGUAGE_STANDARD = "gnu++0x";
				CLANG_CXX_LIBRARY = "libc++";
				CLANG_ENABLE_MODULES = YES;
				CLANG_ENABLE_OBJC_ARC = YES;
				CLANG_WARN_BOOL_CONVERSION = YES;
				CLANG_WARN_CONSTANT_CONVERSION = YES;
				CLANG_WARN_DEPRECATED_OBJC_IMPLEMENTATIONS = YES;
				CLANG_WARN_DIRECT_OBJC_ISA_USAGE = YES;
				CLANG_WARN_EMPTY_BODY = YES;
				CLANG_WARN_ENUM_CONVERSION = YES;
				CLANG_WARN_IMPLICIT_SIGN_CONVERSION = YES;
				CLANG_WARN_INFINITE_RECURSION = YES;
				CLANG_WARN_INT_CONVERSION = YES;
				CLANG_WARN_OBJC_IMPLICIT_RETAIN_SELF = YES;
				CLANG_WARN_OBJC_ROOT_CLASS = YES;
				CLANG_WARN_SUSPICIOUS_IMPLICIT_CONVERSION = YES;
				CLANG_WARN_SUSPICIOUS_MOVE = YES;
				CLANG_WARN_UNREACHABLE_CODE = YES;
				CLANG_WARN__DUPLICATE_METHOD_MATCH = YES;
				"CODE_SIGN_IDENTITY[sdk=iphoneos*]" = "iPhone Developer";
				COPY_PHASE_STRIP = YES;
				ENABLE_NS_ASSERTIONS = NO;
				ENABLE_STRICT_OBJC_MSGSEND = YES;
				GCC_C_LANGUAGE_STANDARD = gnu99;
				GCC_NO_COMMON_BLOCKS = YES;
				GCC_WARN_64_TO_32_BIT_CONVERSION = YES;
				GCC_WARN_ABOUT_DEPRECATED_FUNCTIONS = YES;
				GCC_WARN_ABOUT_MISSING_FIELD_INITIALIZERS = YES;
				GCC_WARN_ABOUT_MISSING_NEWLINE = YES;
				GCC_WARN_ABOUT_RETURN_TYPE = YES;
				GCC_WARN_CHECK_SWITCH_STATEMENTS = YES;
				GCC_WARN_INITIALIZER_NOT_FULLY_BRACKETED = YES;
				GCC_WARN_MISSING_PARENTHESES = YES;
				GCC_WARN_SHADOW = YES;
				GCC_WARN_SIGN_COMPARE = YES;
				GCC_WARN_TYPECHECK_CALLS_TO_PRINTF = YES;
				GCC_WARN_UNDECLARED_SELECTOR = YES;
				GCC_WARN_UNINITIALIZED_AUTOS = YES;
				GCC_WARN_UNUSED_FUNCTION = YES;
				GCC_WARN_UNUSED_LABEL = YES;
				GCC_WARN_UNUSED_VALUE = YES;
				GCC_WARN_UNUSED_VARIABLE = YES;
				IPHONEOS_DEPLOYMENT_TARGET = 9.0;
				RUN_CLANG_STATIC_ANALYZER = YES;
				SDKROOT = iphoneos;
				SWIFT_OPTIMIZATION_LEVEL = "-Owholemodule";
				VALIDATE_PRODUCT = YES;
			};
			name = Release;
		};
		8B0677CC2EDA6CB9A52867EF /* Release */ = {
			isa = XCBuildConfiguration;
			buildSettings = {
				BUNDLE_LOADER = "$(BUILT_PRODUCTS_DIR)/ScoreReporter.app/ScoreReporter";
				ENABLE_STRICT_OBJC_MSGSEND = YES;
				FRAMEWORK_SEARCH_PATHS = (
					"$(SDKROOT)/Developer/Library/Frameworks",
					"$(inherited)",
					"$(DEVELOPER_FRAMEWORKS_DIR)",
				);
				INFOPLIST_FILE = "UnitTests/Resources/UnitTests-Info.plist";
				PRODUCT_BUNDLE_IDENTIFIER = "com.bradsmith.${PRODUCT_NAME:rfc1034identifier}";
				PRODUCT_NAME = "$(TARGET_NAME)";
				SDKROOT = iphoneos;
				SKIP_INSTALL = YES;
				TEST_HOST = "$(BUNDLE_LOADER)";
				WRAPPER_EXTENSION = xctest;
			};
			name = Release;
		};
		DC95261F3462167D8F0E404A /* Debug */ = {
			isa = XCBuildConfiguration;
			baseConfigurationReference = DB8710D0BC735C12F2E5C91F /* Pods-ScoreReporter.debug.xcconfig */;
			buildSettings = {
				ALWAYS_EMBED_SWIFT_STANDARD_LIBRARIES = YES;
				ASSETCATALOG_COMPILER_APPICON_NAME = AppIcon;
				CODE_SIGN_ENTITLEMENTS = ScoreReporter/ScoreReporter.entitlements;
				"CODE_SIGN_IDENTITY[sdk=iphoneos*]" = "iPhone Developer";
				DEVELOPMENT_TEAM = Q9WZ7ZSJK2;
				ENABLE_STRICT_OBJC_MSGSEND = YES;
				INFOPLIST_FILE = ScoreReporter/Resources/Info.plist;
				IPHONEOS_DEPLOYMENT_TARGET = 10.0;
				LD_RUNPATH_SEARCH_PATHS = "$(inherited) @executable_path/Frameworks";
				MTL_ENABLE_DEBUG_INFO = YES;
				OTHER_SWIFT_FLAGS = "$(inherited) \"-D\" \"COCOAPODS\" \"-Xfrontend\" \"-warn-long-function-bodies=100\"";
				PRODUCT_BUNDLE_IDENTIFIER = "com.bradsmith.${PRODUCT_NAME:rfc1034identifier}";
				PRODUCT_NAME = "$(TARGET_NAME)";
				SDKROOT = iphoneos;
				SWIFT_OPTIMIZATION_LEVEL = "-Onone";
				SWIFT_VERSION = 3.0;
			};
			name = Debug;
		};
/* End XCBuildConfiguration section */

/* Begin XCConfigurationList section */
		487875731DDBC974008789A0 /* Build configuration list for PBXNativeTarget "TodayExtension" */ = {
			isa = XCConfigurationList;
			buildConfigurations = (
				487875741DDBC974008789A0 /* Debug */,
				487875751DDBC974008789A0 /* Release */,
			);
			defaultConfigurationIsVisible = 0;
			defaultConfigurationName = Release;
		};
		8CF34098D12568B13E8C7D02 /* Build configuration list for PBXNativeTarget "UnitTests" */ = {
			isa = XCConfigurationList;
			buildConfigurations = (
				8B0677CC2EDA6CB9A52867EF /* Release */,
				0700C64B95F5763190D86862 /* Debug */,
			);
			defaultConfigurationIsVisible = 0;
			defaultConfigurationName = Release;
		};
		B6859C92281FC50A5284E913 /* Build configuration list for PBXProject "ScoreReporter" */ = {
			isa = XCConfigurationList;
			buildConfigurations = (
				2AA3852F591321C3744A9D27 /* Debug */,
				7BE1477EC47180B06F582864 /* Release */,
			);
			defaultConfigurationIsVisible = 0;
			defaultConfigurationName = Release;
		};
		E6ABFC6A0536DBDACB8D6480 /* Build configuration list for PBXNativeTarget "ScoreReporter" */ = {
			isa = XCConfigurationList;
			buildConfigurations = (
				65592B4AA7A2CA8EFF64820E /* Release */,
				DC95261F3462167D8F0E404A /* Debug */,
			);
			defaultConfigurationIsVisible = 0;
			defaultConfigurationName = Release;
		};
/* End XCConfigurationList section */
	};
	rootObject = 9908A4E7CAEDE5855F39122C /* Project object */;
}
