// !$*UTF8*$!
{
	archiveVersion = 1;
	classes = {
	};
	objectVersion = 46;
	objects = {

/* Begin PBXBuildFile section */
		01F48093C80BC7197AFDE3D8 /* Images.xcassets in Resources */ = {isa = PBXBuildFile; fileRef = 4C9687C4D6702C6F0E9312B6 /* Images.xcassets */; };
		0665DEFE1D3DBB6F006D2070 /* CoreDataStack.swift in Sources */ = {isa = PBXBuildFile; fileRef = 0665DEFD1D3DBB6F006D2070 /* CoreDataStack.swift */; };
		0665DF021D3DBCC3006D2070 /* EventService.swift in Sources */ = {isa = PBXBuildFile; fileRef = 0665DF011D3DBCC3006D2070 /* EventService.swift */; };
		0665DF041D3DBCF1006D2070 /* APIClient.swift in Sources */ = {isa = PBXBuildFile; fileRef = 0665DF031D3DBCF1006D2070 /* APIClient.swift */; };
		0665DF071D3DC7B6006D2070 /* ScoreReporter.xcdatamodeld in Sources */ = {isa = PBXBuildFile; fileRef = 0665DF051D3DC7B6006D2070 /* ScoreReporter.xcdatamodeld */; };
		0665DF0A1D3DC8B3006D2070 /* Event+CoreDataProperties.swift in Sources */ = {isa = PBXBuildFile; fileRef = 0665DF081D3DC8B3006D2070 /* Event+CoreDataProperties.swift */; };
		0665DF0B1D3DC8B3006D2070 /* Event.swift in Sources */ = {isa = PBXBuildFile; fileRef = 0665DF091D3DC8B3006D2070 /* Event.swift */; };
		0665DF1C1D3DD4C8006D2070 /* Pool+CoreDataProperties.swift in Sources */ = {isa = PBXBuildFile; fileRef = 0665DF0C1D3DD4C7006D2070 /* Pool+CoreDataProperties.swift */; };
		0665DF1D1D3DD4C8006D2070 /* Pool.swift in Sources */ = {isa = PBXBuildFile; fileRef = 0665DF0D1D3DD4C7006D2070 /* Pool.swift */; };
		0665DF1E1D3DD4C8006D2070 /* Group+CoreDataProperties.swift in Sources */ = {isa = PBXBuildFile; fileRef = 0665DF0E1D3DD4C7006D2070 /* Group+CoreDataProperties.swift */; };
		0665DF1F1D3DD4C8006D2070 /* Group.swift in Sources */ = {isa = PBXBuildFile; fileRef = 0665DF0F1D3DD4C7006D2070 /* Group.swift */; };
		0665DF201D3DD4C8006D2070 /* Round+CoreDataProperties.swift in Sources */ = {isa = PBXBuildFile; fileRef = 0665DF101D3DD4C7006D2070 /* Round+CoreDataProperties.swift */; };
		0665DF211D3DD4C8006D2070 /* Round.swift in Sources */ = {isa = PBXBuildFile; fileRef = 0665DF111D3DD4C7006D2070 /* Round.swift */; };
		0665DF221D3DD4C8006D2070 /* Cluster+CoreDataProperties.swift in Sources */ = {isa = PBXBuildFile; fileRef = 0665DF121D3DD4C7006D2070 /* Cluster+CoreDataProperties.swift */; };
		0665DF231D3DD4C8006D2070 /* Cluster.swift in Sources */ = {isa = PBXBuildFile; fileRef = 0665DF131D3DD4C8006D2070 /* Cluster.swift */; };
		0665DF241D3DD4C8006D2070 /* Stage+CoreDataProperties.swift in Sources */ = {isa = PBXBuildFile; fileRef = 0665DF141D3DD4C8006D2070 /* Stage+CoreDataProperties.swift */; };
		0665DF251D3DD4C8006D2070 /* Stage.swift in Sources */ = {isa = PBXBuildFile; fileRef = 0665DF151D3DD4C8006D2070 /* Stage.swift */; };
		0665DF261D3DD4C8006D2070 /* Game+CoreDataProperties.swift in Sources */ = {isa = PBXBuildFile; fileRef = 0665DF161D3DD4C8006D2070 /* Game+CoreDataProperties.swift */; };
		0665DF271D3DD4C8006D2070 /* Game.swift in Sources */ = {isa = PBXBuildFile; fileRef = 0665DF171D3DD4C8006D2070 /* Game.swift */; };
		0665DF281D3DD4C8006D2070 /* Bracket+CoreDataProperties.swift in Sources */ = {isa = PBXBuildFile; fileRef = 0665DF181D3DD4C8006D2070 /* Bracket+CoreDataProperties.swift */; };
		0665DF291D3DD4C8006D2070 /* Bracket.swift in Sources */ = {isa = PBXBuildFile; fileRef = 0665DF191D3DD4C8006D2070 /* Bracket.swift */; };
		0665DF2A1D3DD4C8006D2070 /* Standing+CoreDataProperties.swift in Sources */ = {isa = PBXBuildFile; fileRef = 0665DF1A1D3DD4C8006D2070 /* Standing+CoreDataProperties.swift */; };
		0665DF2B1D3DD4C8006D2070 /* Standing.swift in Sources */ = {isa = PBXBuildFile; fileRef = 0665DF1B1D3DD4C8006D2070 /* Standing.swift */; };
		0665DF2D1D3DD8A6006D2070 /* DateService.swift in Sources */ = {isa = PBXBuildFile; fileRef = 0665DF2C1D3DD8A6006D2070 /* DateService.swift */; };
		0665DF2F1D3DE92E006D2070 /* String+Extensions.swift in Sources */ = {isa = PBXBuildFile; fileRef = 0665DF2E1D3DE92E006D2070 /* String+Extensions.swift */; };
		0665DF311D3DEA9D006D2070 /* NSDate+Extensions.swift in Sources */ = {isa = PBXBuildFile; fileRef = 0665DF301D3DEA9D006D2070 /* NSDate+Extensions.swift */; };
		068034781D3ECD53006BD4C1 /* UICollectionView+Extensions.swift in Sources */ = {isa = PBXBuildFile; fileRef = 068034771D3ECD53006BD4C1 /* UICollectionView+Extensions.swift */; };
		0680347E1D3F121F006BD4C1 /* UIColor+Extensions.swift in Sources */ = {isa = PBXBuildFile; fileRef = 0680347D1D3F121F006BD4C1 /* UIColor+Extensions.swift */; };
		068034801D3F140A006BD4C1 /* BaseNavigationController.swift in Sources */ = {isa = PBXBuildFile; fileRef = 0680347F1D3F140A006BD4C1 /* BaseNavigationController.swift */; };
		068034821D3F1BBC006BD4C1 /* EventViewModel.swift in Sources */ = {isa = PBXBuildFile; fileRef = 068034811D3F1BBC006BD4C1 /* EventViewModel.swift */; };
		0680348B1D407C7A006BD4C1 /* DefaultView.swift in Sources */ = {isa = PBXBuildFile; fileRef = 0680348A1D407C7A006BD4C1 /* DefaultView.swift */; };
		0680348F1D4094AC006BD4C1 /* DataSource.swift in Sources */ = {isa = PBXBuildFile; fileRef = 0680348E1D4094AC006BD4C1 /* DataSource.swift */; };
		31229FBAC89902DC8BB026C0 /* LaunchScreen.xib in Resources */ = {isa = PBXBuildFile; fileRef = 38B928A7FFDA3B386C7371C6 /* LaunchScreen.xib */; };
		4815808B1DC86A50008F141B /* NavigationButton.swift in Sources */ = {isa = PBXBuildFile; fileRef = 4815808A1DC86A50008F141B /* NavigationButton.swift */; };
		4815808D1DC86A5A008F141B /* NavigationItemView.swift in Sources */ = {isa = PBXBuildFile; fileRef = 4815808C1DC86A5A008F141B /* NavigationItemView.swift */; };
		4815808F1DC86A66008F141B /* NavigationItemButtonView.swift in Sources */ = {isa = PBXBuildFile; fileRef = 4815808E1DC86A66008F141B /* NavigationItemButtonView.swift */; };
		481580971DCAC0CE008F141B /* CALayer+Extensions.swift in Sources */ = {isa = PBXBuildFile; fileRef = 481580961DCAC0CE008F141B /* CALayer+Extensions.swift */; };
		481A97C01D88E6720066B749 /* UIViewController+Extensions.swift in Sources */ = {isa = PBXBuildFile; fileRef = 481A97BF1D88E6720066B749 /* UIViewController+Extensions.swift */; };
		481A97C21D88E7CD0066B749 /* UIView+KeyboardLayoutGuide.swift in Sources */ = {isa = PBXBuildFile; fileRef = 481A97C11D88E7CD0066B749 /* UIView+KeyboardLayoutGuide.swift */; };
		482045471DB5AAEA00739E73 /* KVOController+Extensions.swift in Sources */ = {isa = PBXBuildFile; fileRef = 482045461DB5AAEA00739E73 /* KVOController+Extensions.swift */; };
		483453B81D8D009200F0918A /* HomeDataSource.swift in Sources */ = {isa = PBXBuildFile; fileRef = 483453B71D8D009200F0918A /* HomeDataSource.swift */; };
		483453BA1D8D02DD00F0918A /* FetchedChangable.swift in Sources */ = {isa = PBXBuildFile; fileRef = 483453B91D8D02DD00F0918A /* FetchedChangable.swift */; };
		483453BC1D8D083D00F0918A /* FetchedChangeObject.swift in Sources */ = {isa = PBXBuildFile; fileRef = 483453BB1D8D083D00F0918A /* FetchedChangeObject.swift */; };
		483453C11D8D8E8200F0918A /* EventSearchDataSource.swift in Sources */ = {isa = PBXBuildFile; fileRef = 483453C01D8D8E8200F0918A /* EventSearchDataSource.swift */; };
		483453C31D8DA87900F0918A /* EventDetailsViewController.swift in Sources */ = {isa = PBXBuildFile; fileRef = 483453C21D8DA87900F0918A /* EventDetailsViewController.swift */; };
		483453C71D8DBB4C00F0918A /* BackAnimationController.swift in Sources */ = {isa = PBXBuildFile; fileRef = 483453C61D8DBB4C00F0918A /* BackAnimationController.swift */; };
		48400E7F1D8E196800927EB6 /* EventDetailsHeaderView.swift in Sources */ = {isa = PBXBuildFile; fileRef = 48400E7E1D8E196800927EB6 /* EventDetailsHeaderView.swift */; };
		48400E881D8EE6B700927EB6 /* EventDetailsInfoCell.swift in Sources */ = {isa = PBXBuildFile; fileRef = 48400E871D8EE6B700927EB6 /* EventDetailsInfoCell.swift */; };
		48400E8B1D8EFAB400927EB6 /* LoginViewController.swift in Sources */ = {isa = PBXBuildFile; fileRef = 48400E8A1D8EFAB400927EB6 /* LoginViewController.swift */; };
		48400E8D1D8F3DC300927EB6 /* GroupViewModel.swift in Sources */ = {isa = PBXBuildFile; fileRef = 48400E8C1D8F3DC300927EB6 /* GroupViewModel.swift */; };
		48400E8F1D8F4B5D00927EB6 /* EventDetailsDataSource.swift in Sources */ = {isa = PBXBuildFile; fileRef = 48400E8E1D8F4B5D00927EB6 /* EventDetailsDataSource.swift */; };
		48400E931D8F573300927EB6 /* TabBarController.swift in Sources */ = {isa = PBXBuildFile; fileRef = 48400E921D8F573300927EB6 /* TabBarController.swift */; };
		48400E961D8F5D6100927EB6 /* BookmarksViewController.swift in Sources */ = {isa = PBXBuildFile; fileRef = 48400E951D8F5D6100927EB6 /* BookmarksViewController.swift */; };
		48400E9E1D90C7CA00927EB6 /* BookmarksDataSource.swift in Sources */ = {isa = PBXBuildFile; fileRef = 48400E9D1D90C7CA00927EB6 /* BookmarksDataSource.swift */; };
		48400EA01D90DC4800927EB6 /* EventDetailsViewModel.swift in Sources */ = {isa = PBXBuildFile; fileRef = 48400E9F1D90DC4800927EB6 /* EventDetailsViewModel.swift */; };
		484951751D964A6600C95F2F /* GroupDetailsViewController.swift in Sources */ = {isa = PBXBuildFile; fileRef = 484951741D964A6600C95F2F /* GroupDetailsViewController.swift */; };
		484951771D964BCE00C95F2F /* GroupDetailsDataSource.swift in Sources */ = {isa = PBXBuildFile; fileRef = 484951761D964BCE00C95F2F /* GroupDetailsDataSource.swift */; };
		4849517A1D9653E600C95F2F /* PoolsDataSource.swift in Sources */ = {isa = PBXBuildFile; fileRef = 484951791D9653E600C95F2F /* PoolsDataSource.swift */; };
		4849517C1D9657AA00C95F2F /* PoolsViewController.swift in Sources */ = {isa = PBXBuildFile; fileRef = 4849517B1D9657AA00C95F2F /* PoolsViewController.swift */; };
		4849517E1D96F1CF00C95F2F /* SectionHeaderView.swift in Sources */ = {isa = PBXBuildFile; fileRef = 4849517D1D96F1CF00C95F2F /* SectionHeaderView.swift */; };
		484951801D96FBFE00C95F2F /* StandingCell.swift in Sources */ = {isa = PBXBuildFile; fileRef = 4849517F1D96FBFE00C95F2F /* StandingCell.swift */; };
		485562291DC6F7620011C53D /* NavigationBarAnimatorView.swift in Sources */ = {isa = PBXBuildFile; fileRef = 485562281DC6F7620011C53D /* NavigationBarAnimatorView.swift */; };
		487BF3761D985A230082D6FC /* GameListViewController.swift in Sources */ = {isa = PBXBuildFile; fileRef = 487BF3751D985A230082D6FC /* GameListViewController.swift */; };
		487BF3781D985BEA0082D6FC /* GameListCell.swift in Sources */ = {isa = PBXBuildFile; fileRef = 487BF3771D985BEA0082D6FC /* GameListCell.swift */; };
		487BF37D1D9880F20082D6FC /* GameListDataSource.swift in Sources */ = {isa = PBXBuildFile; fileRef = 487BF37C1D9880F20082D6FC /* GameListDataSource.swift */; };
		487BF37F1D98C8510082D6FC /* GameViewModel.swift in Sources */ = {isa = PBXBuildFile; fileRef = 487BF37E1D98C8510082D6FC /* GameViewModel.swift */; };
		487BF3861D9A0A340082D6FC /* BracketListDataSource.swift in Sources */ = {isa = PBXBuildFile; fileRef = 487BF3851D9A0A340082D6FC /* BracketListDataSource.swift */; };
		487BF3881D9A0B630082D6FC /* BracketListViewController.swift in Sources */ = {isa = PBXBuildFile; fileRef = 487BF3871D9A0B630082D6FC /* BracketListViewController.swift */; };
		487BF38A1D9A0BD00082D6FC /* BracketListCell.swift in Sources */ = {isa = PBXBuildFile; fileRef = 487BF3891D9A0BD00082D6FC /* BracketListCell.swift */; };
		487BF38C1D9A18F50082D6FC /* ManagedObjectObserver.swift in Sources */ = {isa = PBXBuildFile; fileRef = 487BF38B1D9A18F50082D6FC /* ManagedObjectObserver.swift */; };
		488CAA641D7E367600C3E597 /* HomeViewController.swift in Sources */ = {isa = PBXBuildFile; fileRef = 488CAA631D7E367600C3E597 /* HomeViewController.swift */; };
		488CAA661D7E3C7500C3E597 /* HomeEventCell.swift in Sources */ = {isa = PBXBuildFile; fileRef = 488CAA651D7E3C7500C3E597 /* HomeEventCell.swift */; };
		488CAA6A1D7E440600C3E597 /* UITableView+Extensions.swift in Sources */ = {isa = PBXBuildFile; fileRef = 488CAA691D7E440600C3E597 /* UITableView+Extensions.swift */; };
		488CAA6C1D7E4A5E00C3E597 /* HomeViewModel.swift in Sources */ = {isa = PBXBuildFile; fileRef = 488CAA6B1D7E4A5E00C3E597 /* HomeViewModel.swift */; };
		488CAA6E1D7E5E0500C3E597 /* EventSearchViewController.swift in Sources */ = {isa = PBXBuildFile; fileRef = 488CAA6D1D7E5E0500C3E597 /* EventSearchViewController.swift */; };
		488CAA721D7E68C300C3E597 /* KeyboardObservable.swift in Sources */ = {isa = PBXBuildFile; fileRef = 488CAA711D7E68C300C3E597 /* KeyboardObservable.swift */; };
		48A2E7101DA49D2300B7B422 /* SettingsViewController.swift in Sources */ = {isa = PBXBuildFile; fileRef = 48A2E70F1DA49D2300B7B422 /* SettingsViewController.swift */; };
		48A2E7121DA49E1800B7B422 /* SettingsDataSource.swift in Sources */ = {isa = PBXBuildFile; fileRef = 48A2E7111DA49E1800B7B422 /* SettingsDataSource.swift */; };
		48A2E7161DA4A1DD00B7B422 /* SettingsCell.swift in Sources */ = {isa = PBXBuildFile; fileRef = 48A2E7151DA4A1DD00B7B422 /* SettingsCell.swift */; };
		48A2E7191DA4B01600B7B422 /* AcknowledgementListViewController.swift in Sources */ = {isa = PBXBuildFile; fileRef = 48A2E7181DA4B01600B7B422 /* AcknowledgementListViewController.swift */; };
		48A2E71B1DA4B02200B7B422 /* AcknowledgementListDataSource.swift in Sources */ = {isa = PBXBuildFile; fileRef = 48A2E71A1DA4B02200B7B422 /* AcknowledgementListDataSource.swift */; };
		48A2E71E1DA4B55900B7B422 /* AcknowledgementViewController.swift in Sources */ = {isa = PBXBuildFile; fileRef = 48A2E71D1DA4B55900B7B422 /* AcknowledgementViewController.swift */; };
		48E541301D810F2D008E4DEE /* MessageView.swift in Sources */ = {isa = PBXBuildFile; fileRef = 48E5412F1D810F2D008E4DEE /* MessageView.swift */; };
		48E541321D81169C008E4DEE /* MessageDisplayable.swift in Sources */ = {isa = PBXBuildFile; fileRef = 48E541311D81169C008E4DEE /* MessageDisplayable.swift */; };
		48F8B52F1DC4603D0031DB5B /* Importable.swift in Sources */ = {isa = PBXBuildFile; fileRef = 48F8B52E1DC4603D0031DB5B /* Importable.swift */; };
		48F8B5311DC460540031DB5B /* Fetchable.swift in Sources */ = {isa = PBXBuildFile; fileRef = 48F8B5301DC460540031DB5B /* Fetchable.swift */; };
		48F8B5331DC4FDD70031DB5B /* Settings.bundle in Resources */ = {isa = PBXBuildFile; fileRef = 48F8B5321DC4FDD70031DB5B /* Settings.bundle */; };
		48F8B5351DC672F20031DB5B /* UINavigationBar+Extensions.swift in Sources */ = {isa = PBXBuildFile; fileRef = 48F8B5341DC672F20031DB5B /* UINavigationBar+Extensions.swift */; };
		5F1F056AF317FD3844411674 /* AppDelegate.swift in Sources */ = {isa = PBXBuildFile; fileRef = 52680920874D492D40D00CFD /* AppDelegate.swift */; };
		7F66699D3AFAECEE6C1E5EC5 /* Pods_ScoreReporter.framework in Frameworks */ = {isa = PBXBuildFile; fileRef = 648BA6BA3DC2DAAB2475AB21 /* Pods_ScoreReporter.framework */; };
		DA88F1ED835B8C624CD0ACCB /* Foundation.framework in Frameworks */ = {isa = PBXBuildFile; fileRef = 693B305DC64788811391D5AF /* Foundation.framework */; };
/* End PBXBuildFile section */

/* Begin PBXContainerItemProxy section */
		BFD5306F4574C7A503A34ACE /* PBXContainerItemProxy */ = {
			isa = PBXContainerItemProxy;
			containerPortal = 9908A4E7CAEDE5855F39122C /* Project object */;
			proxyType = 1;
			remoteGlobalIDString = BD6C1FD2302B8FE50C967CE7;
			remoteInfo = ScoreReporter;
		};
/* End PBXContainerItemProxy section */

/* Begin PBXFileReference section */
		01D2D59648E4497DDEA9D944 /* Pods-ScoreReporter.release.xcconfig */ = {isa = PBXFileReference; includeInIndex = 1; lastKnownFileType = text.xcconfig; name = "Pods-ScoreReporter.release.xcconfig"; path = "Pods/Target Support Files/Pods-ScoreReporter/Pods-ScoreReporter.release.xcconfig"; sourceTree = "<group>"; };
		0665DEFD1D3DBB6F006D2070 /* CoreDataStack.swift */ = {isa = PBXFileReference; fileEncoding = 4; lastKnownFileType = sourcecode.swift; path = CoreDataStack.swift; sourceTree = "<group>"; };
		0665DF011D3DBCC3006D2070 /* EventService.swift */ = {isa = PBXFileReference; fileEncoding = 4; lastKnownFileType = sourcecode.swift; path = EventService.swift; sourceTree = "<group>"; };
		0665DF031D3DBCF1006D2070 /* APIClient.swift */ = {isa = PBXFileReference; fileEncoding = 4; lastKnownFileType = sourcecode.swift; path = APIClient.swift; sourceTree = "<group>"; };
		0665DF061D3DC7B6006D2070 /* ScoreReporter.xcdatamodel */ = {isa = PBXFileReference; lastKnownFileType = wrapper.xcdatamodel; path = ScoreReporter.xcdatamodel; sourceTree = "<group>"; };
		0665DF081D3DC8B3006D2070 /* Event+CoreDataProperties.swift */ = {isa = PBXFileReference; fileEncoding = 4; lastKnownFileType = sourcecode.swift; path = "Event+CoreDataProperties.swift"; sourceTree = "<group>"; };
		0665DF091D3DC8B3006D2070 /* Event.swift */ = {isa = PBXFileReference; fileEncoding = 4; lastKnownFileType = sourcecode.swift; path = Event.swift; sourceTree = "<group>"; };
		0665DF0C1D3DD4C7006D2070 /* Pool+CoreDataProperties.swift */ = {isa = PBXFileReference; fileEncoding = 4; lastKnownFileType = sourcecode.swift; path = "Pool+CoreDataProperties.swift"; sourceTree = "<group>"; };
		0665DF0D1D3DD4C7006D2070 /* Pool.swift */ = {isa = PBXFileReference; fileEncoding = 4; lastKnownFileType = sourcecode.swift; path = Pool.swift; sourceTree = "<group>"; };
		0665DF0E1D3DD4C7006D2070 /* Group+CoreDataProperties.swift */ = {isa = PBXFileReference; fileEncoding = 4; lastKnownFileType = sourcecode.swift; path = "Group+CoreDataProperties.swift"; sourceTree = "<group>"; };
		0665DF0F1D3DD4C7006D2070 /* Group.swift */ = {isa = PBXFileReference; fileEncoding = 4; lastKnownFileType = sourcecode.swift; path = Group.swift; sourceTree = "<group>"; };
		0665DF101D3DD4C7006D2070 /* Round+CoreDataProperties.swift */ = {isa = PBXFileReference; fileEncoding = 4; lastKnownFileType = sourcecode.swift; path = "Round+CoreDataProperties.swift"; sourceTree = "<group>"; };
		0665DF111D3DD4C7006D2070 /* Round.swift */ = {isa = PBXFileReference; fileEncoding = 4; lastKnownFileType = sourcecode.swift; path = Round.swift; sourceTree = "<group>"; };
		0665DF121D3DD4C7006D2070 /* Cluster+CoreDataProperties.swift */ = {isa = PBXFileReference; fileEncoding = 4; lastKnownFileType = sourcecode.swift; path = "Cluster+CoreDataProperties.swift"; sourceTree = "<group>"; };
		0665DF131D3DD4C8006D2070 /* Cluster.swift */ = {isa = PBXFileReference; fileEncoding = 4; lastKnownFileType = sourcecode.swift; path = Cluster.swift; sourceTree = "<group>"; };
		0665DF141D3DD4C8006D2070 /* Stage+CoreDataProperties.swift */ = {isa = PBXFileReference; fileEncoding = 4; lastKnownFileType = sourcecode.swift; path = "Stage+CoreDataProperties.swift"; sourceTree = "<group>"; };
		0665DF151D3DD4C8006D2070 /* Stage.swift */ = {isa = PBXFileReference; fileEncoding = 4; lastKnownFileType = sourcecode.swift; path = Stage.swift; sourceTree = "<group>"; };
		0665DF161D3DD4C8006D2070 /* Game+CoreDataProperties.swift */ = {isa = PBXFileReference; fileEncoding = 4; lastKnownFileType = sourcecode.swift; path = "Game+CoreDataProperties.swift"; sourceTree = "<group>"; };
		0665DF171D3DD4C8006D2070 /* Game.swift */ = {isa = PBXFileReference; fileEncoding = 4; lastKnownFileType = sourcecode.swift; path = Game.swift; sourceTree = "<group>"; };
		0665DF181D3DD4C8006D2070 /* Bracket+CoreDataProperties.swift */ = {isa = PBXFileReference; fileEncoding = 4; lastKnownFileType = sourcecode.swift; path = "Bracket+CoreDataProperties.swift"; sourceTree = "<group>"; };
		0665DF191D3DD4C8006D2070 /* Bracket.swift */ = {isa = PBXFileReference; fileEncoding = 4; lastKnownFileType = sourcecode.swift; path = Bracket.swift; sourceTree = "<group>"; };
		0665DF1A1D3DD4C8006D2070 /* Standing+CoreDataProperties.swift */ = {isa = PBXFileReference; fileEncoding = 4; lastKnownFileType = sourcecode.swift; path = "Standing+CoreDataProperties.swift"; sourceTree = "<group>"; };
		0665DF1B1D3DD4C8006D2070 /* Standing.swift */ = {isa = PBXFileReference; fileEncoding = 4; lastKnownFileType = sourcecode.swift; path = Standing.swift; sourceTree = "<group>"; };
		0665DF2C1D3DD8A6006D2070 /* DateService.swift */ = {isa = PBXFileReference; fileEncoding = 4; lastKnownFileType = sourcecode.swift; path = DateService.swift; sourceTree = "<group>"; };
		0665DF2E1D3DE92E006D2070 /* String+Extensions.swift */ = {isa = PBXFileReference; fileEncoding = 4; lastKnownFileType = sourcecode.swift; path = "String+Extensions.swift"; sourceTree = "<group>"; };
		0665DF301D3DEA9D006D2070 /* NSDate+Extensions.swift */ = {isa = PBXFileReference; fileEncoding = 4; lastKnownFileType = sourcecode.swift; path = "NSDate+Extensions.swift"; sourceTree = "<group>"; };
		068034771D3ECD53006BD4C1 /* UICollectionView+Extensions.swift */ = {isa = PBXFileReference; fileEncoding = 4; lastKnownFileType = sourcecode.swift; path = "UICollectionView+Extensions.swift"; sourceTree = "<group>"; };
		0680347D1D3F121F006BD4C1 /* UIColor+Extensions.swift */ = {isa = PBXFileReference; fileEncoding = 4; lastKnownFileType = sourcecode.swift; path = "UIColor+Extensions.swift"; sourceTree = "<group>"; };
		0680347F1D3F140A006BD4C1 /* BaseNavigationController.swift */ = {isa = PBXFileReference; fileEncoding = 4; lastKnownFileType = sourcecode.swift; path = BaseNavigationController.swift; sourceTree = "<group>"; };
		068034811D3F1BBC006BD4C1 /* EventViewModel.swift */ = {isa = PBXFileReference; fileEncoding = 4; lastKnownFileType = sourcecode.swift; name = EventViewModel.swift; path = "View Models/EventViewModel.swift"; sourceTree = "<group>"; };
		0680348A1D407C7A006BD4C1 /* DefaultView.swift */ = {isa = PBXFileReference; fileEncoding = 4; lastKnownFileType = sourcecode.swift; path = DefaultView.swift; sourceTree = "<group>"; };
		0680348E1D4094AC006BD4C1 /* DataSource.swift */ = {isa = PBXFileReference; fileEncoding = 4; lastKnownFileType = sourcecode.swift; path = DataSource.swift; sourceTree = "<group>"; };
		0EECBD668089EE283C31E7A7 /* Info.plist */ = {isa = PBXFileReference; includeInIndex = 1; lastKnownFileType = text.plist.xml; path = Info.plist; sourceTree = "<group>"; };
		38B928A7FFDA3B386C7371C6 /* LaunchScreen.xib */ = {isa = PBXFileReference; includeInIndex = 1; lastKnownFileType = file.xib; path = LaunchScreen.xib; sourceTree = "<group>"; };
		4815808A1DC86A50008F141B /* NavigationButton.swift */ = {isa = PBXFileReference; fileEncoding = 4; lastKnownFileType = sourcecode.swift; path = NavigationButton.swift; sourceTree = "<group>"; };
		4815808C1DC86A5A008F141B /* NavigationItemView.swift */ = {isa = PBXFileReference; fileEncoding = 4; lastKnownFileType = sourcecode.swift; path = NavigationItemView.swift; sourceTree = "<group>"; };
		4815808E1DC86A66008F141B /* NavigationItemButtonView.swift */ = {isa = PBXFileReference; fileEncoding = 4; lastKnownFileType = sourcecode.swift; path = NavigationItemButtonView.swift; sourceTree = "<group>"; };
		481580961DCAC0CE008F141B /* CALayer+Extensions.swift */ = {isa = PBXFileReference; fileEncoding = 4; lastKnownFileType = sourcecode.swift; path = "CALayer+Extensions.swift"; sourceTree = "<group>"; };
		481A97BF1D88E6720066B749 /* UIViewController+Extensions.swift */ = {isa = PBXFileReference; fileEncoding = 4; lastKnownFileType = sourcecode.swift; path = "UIViewController+Extensions.swift"; sourceTree = "<group>"; };
		481A97C11D88E7CD0066B749 /* UIView+KeyboardLayoutGuide.swift */ = {isa = PBXFileReference; fileEncoding = 4; lastKnownFileType = sourcecode.swift; path = "UIView+KeyboardLayoutGuide.swift"; sourceTree = "<group>"; };
		482045461DB5AAEA00739E73 /* KVOController+Extensions.swift */ = {isa = PBXFileReference; fileEncoding = 4; lastKnownFileType = sourcecode.swift; path = "KVOController+Extensions.swift"; sourceTree = "<group>"; };
		483453B71D8D009200F0918A /* HomeDataSource.swift */ = {isa = PBXFileReference; fileEncoding = 4; lastKnownFileType = sourcecode.swift; name = HomeDataSource.swift; path = "View Models/HomeDataSource.swift"; sourceTree = "<group>"; };
		483453B91D8D02DD00F0918A /* FetchedChangable.swift */ = {isa = PBXFileReference; fileEncoding = 4; lastKnownFileType = sourcecode.swift; path = FetchedChangable.swift; sourceTree = "<group>"; };
		483453BB1D8D083D00F0918A /* FetchedChangeObject.swift */ = {isa = PBXFileReference; fileEncoding = 4; lastKnownFileType = sourcecode.swift; path = FetchedChangeObject.swift; sourceTree = "<group>"; };
		483453C01D8D8E8200F0918A /* EventSearchDataSource.swift */ = {isa = PBXFileReference; fileEncoding = 4; lastKnownFileType = sourcecode.swift; path = EventSearchDataSource.swift; sourceTree = "<group>"; };
		483453C21D8DA87900F0918A /* EventDetailsViewController.swift */ = {isa = PBXFileReference; fileEncoding = 4; lastKnownFileType = sourcecode.swift; path = EventDetailsViewController.swift; sourceTree = "<group>"; };
		483453C61D8DBB4C00F0918A /* BackAnimationController.swift */ = {isa = PBXFileReference; fileEncoding = 4; lastKnownFileType = sourcecode.swift; path = BackAnimationController.swift; sourceTree = "<group>"; };
		48400E7E1D8E196800927EB6 /* EventDetailsHeaderView.swift */ = {isa = PBXFileReference; fileEncoding = 4; lastKnownFileType = sourcecode.swift; path = EventDetailsHeaderView.swift; sourceTree = "<group>"; };
		48400E871D8EE6B700927EB6 /* EventDetailsInfoCell.swift */ = {isa = PBXFileReference; fileEncoding = 4; lastKnownFileType = sourcecode.swift; path = EventDetailsInfoCell.swift; sourceTree = "<group>"; };
		48400E8A1D8EFAB400927EB6 /* LoginViewController.swift */ = {isa = PBXFileReference; fileEncoding = 4; lastKnownFileType = sourcecode.swift; path = LoginViewController.swift; sourceTree = "<group>"; };
		48400E8C1D8F3DC300927EB6 /* GroupViewModel.swift */ = {isa = PBXFileReference; fileEncoding = 4; lastKnownFileType = sourcecode.swift; path = GroupViewModel.swift; sourceTree = "<group>"; };
		48400E8E1D8F4B5D00927EB6 /* EventDetailsDataSource.swift */ = {isa = PBXFileReference; fileEncoding = 4; lastKnownFileType = sourcecode.swift; path = EventDetailsDataSource.swift; sourceTree = "<group>"; };
		48400E921D8F573300927EB6 /* TabBarController.swift */ = {isa = PBXFileReference; fileEncoding = 4; lastKnownFileType = sourcecode.swift; name = TabBarController.swift; path = ../Application/TabBarController.swift; sourceTree = "<group>"; };
		48400E951D8F5D6100927EB6 /* BookmarksViewController.swift */ = {isa = PBXFileReference; fileEncoding = 4; lastKnownFileType = sourcecode.swift; path = BookmarksViewController.swift; sourceTree = "<group>"; };
		48400E9D1D90C7CA00927EB6 /* BookmarksDataSource.swift */ = {isa = PBXFileReference; fileEncoding = 4; lastKnownFileType = sourcecode.swift; path = BookmarksDataSource.swift; sourceTree = "<group>"; };
		48400E9F1D90DC4800927EB6 /* EventDetailsViewModel.swift */ = {isa = PBXFileReference; fileEncoding = 4; lastKnownFileType = sourcecode.swift; path = EventDetailsViewModel.swift; sourceTree = "<group>"; };
		484951741D964A6600C95F2F /* GroupDetailsViewController.swift */ = {isa = PBXFileReference; fileEncoding = 4; lastKnownFileType = sourcecode.swift; path = GroupDetailsViewController.swift; sourceTree = "<group>"; };
		484951761D964BCE00C95F2F /* GroupDetailsDataSource.swift */ = {isa = PBXFileReference; fileEncoding = 4; lastKnownFileType = sourcecode.swift; path = GroupDetailsDataSource.swift; sourceTree = "<group>"; };
		484951791D9653E600C95F2F /* PoolsDataSource.swift */ = {isa = PBXFileReference; fileEncoding = 4; lastKnownFileType = sourcecode.swift; path = PoolsDataSource.swift; sourceTree = "<group>"; };
		4849517B1D9657AA00C95F2F /* PoolsViewController.swift */ = {isa = PBXFileReference; fileEncoding = 4; lastKnownFileType = sourcecode.swift; path = PoolsViewController.swift; sourceTree = "<group>"; };
		4849517D1D96F1CF00C95F2F /* SectionHeaderView.swift */ = {isa = PBXFileReference; fileEncoding = 4; lastKnownFileType = sourcecode.swift; name = SectionHeaderView.swift; path = ../SectionHeaderView.swift; sourceTree = "<group>"; };
		4849517F1D96FBFE00C95F2F /* StandingCell.swift */ = {isa = PBXFileReference; fileEncoding = 4; lastKnownFileType = sourcecode.swift; path = StandingCell.swift; sourceTree = "<group>"; };
		485562281DC6F7620011C53D /* NavigationBarAnimatorView.swift */ = {isa = PBXFileReference; fileEncoding = 4; lastKnownFileType = sourcecode.swift; path = NavigationBarAnimatorView.swift; sourceTree = "<group>"; };
		487BF3751D985A230082D6FC /* GameListViewController.swift */ = {isa = PBXFileReference; fileEncoding = 4; lastKnownFileType = sourcecode.swift; path = GameListViewController.swift; sourceTree = "<group>"; };
		487BF3771D985BEA0082D6FC /* GameListCell.swift */ = {isa = PBXFileReference; fileEncoding = 4; lastKnownFileType = sourcecode.swift; path = GameListCell.swift; sourceTree = "<group>"; };
		487BF37C1D9880F20082D6FC /* GameListDataSource.swift */ = {isa = PBXFileReference; fileEncoding = 4; lastKnownFileType = sourcecode.swift; name = GameListDataSource.swift; path = Protocols/GameListDataSource.swift; sourceTree = "<group>"; };
		487BF37E1D98C8510082D6FC /* GameViewModel.swift */ = {isa = PBXFileReference; fileEncoding = 4; lastKnownFileType = sourcecode.swift; path = GameViewModel.swift; sourceTree = "<group>"; };
		487BF3851D9A0A340082D6FC /* BracketListDataSource.swift */ = {isa = PBXFileReference; fileEncoding = 4; lastKnownFileType = sourcecode.swift; path = BracketListDataSource.swift; sourceTree = "<group>"; };
		487BF3871D9A0B630082D6FC /* BracketListViewController.swift */ = {isa = PBXFileReference; fileEncoding = 4; lastKnownFileType = sourcecode.swift; path = BracketListViewController.swift; sourceTree = "<group>"; };
		487BF3891D9A0BD00082D6FC /* BracketListCell.swift */ = {isa = PBXFileReference; fileEncoding = 4; lastKnownFileType = sourcecode.swift; path = BracketListCell.swift; sourceTree = "<group>"; };
		487BF38B1D9A18F50082D6FC /* ManagedObjectObserver.swift */ = {isa = PBXFileReference; fileEncoding = 4; lastKnownFileType = sourcecode.swift; path = ManagedObjectObserver.swift; sourceTree = "<group>"; };
		488CAA631D7E367600C3E597 /* HomeViewController.swift */ = {isa = PBXFileReference; fileEncoding = 4; lastKnownFileType = sourcecode.swift; name = HomeViewController.swift; path = Controllers/HomeViewController.swift; sourceTree = "<group>"; };
		488CAA651D7E3C7500C3E597 /* HomeEventCell.swift */ = {isa = PBXFileReference; fileEncoding = 4; lastKnownFileType = sourcecode.swift; name = HomeEventCell.swift; path = Views/HomeEventCell.swift; sourceTree = "<group>"; };
		488CAA691D7E440600C3E597 /* UITableView+Extensions.swift */ = {isa = PBXFileReference; fileEncoding = 4; lastKnownFileType = sourcecode.swift; path = "UITableView+Extensions.swift"; sourceTree = "<group>"; };
		488CAA6B1D7E4A5E00C3E597 /* HomeViewModel.swift */ = {isa = PBXFileReference; fileEncoding = 4; lastKnownFileType = sourcecode.swift; name = HomeViewModel.swift; path = Controllers/HomeViewModel.swift; sourceTree = "<group>"; };
		488CAA6D1D7E5E0500C3E597 /* EventSearchViewController.swift */ = {isa = PBXFileReference; fileEncoding = 4; lastKnownFileType = sourcecode.swift; name = EventSearchViewController.swift; path = Controllers/EventSearchViewController.swift; sourceTree = "<group>"; };
		488CAA711D7E68C300C3E597 /* KeyboardObservable.swift */ = {isa = PBXFileReference; fileEncoding = 4; lastKnownFileType = sourcecode.swift; path = KeyboardObservable.swift; sourceTree = "<group>"; };
		48A2E70F1DA49D2300B7B422 /* SettingsViewController.swift */ = {isa = PBXFileReference; fileEncoding = 4; lastKnownFileType = sourcecode.swift; path = SettingsViewController.swift; sourceTree = "<group>"; };
		48A2E7111DA49E1800B7B422 /* SettingsDataSource.swift */ = {isa = PBXFileReference; fileEncoding = 4; lastKnownFileType = sourcecode.swift; path = SettingsDataSource.swift; sourceTree = "<group>"; };
		48A2E7151DA4A1DD00B7B422 /* SettingsCell.swift */ = {isa = PBXFileReference; fileEncoding = 4; lastKnownFileType = sourcecode.swift; path = SettingsCell.swift; sourceTree = "<group>"; };
		48A2E7181DA4B01600B7B422 /* AcknowledgementListViewController.swift */ = {isa = PBXFileReference; fileEncoding = 4; lastKnownFileType = sourcecode.swift; path = AcknowledgementListViewController.swift; sourceTree = "<group>"; };
		48A2E71A1DA4B02200B7B422 /* AcknowledgementListDataSource.swift */ = {isa = PBXFileReference; fileEncoding = 4; lastKnownFileType = sourcecode.swift; path = AcknowledgementListDataSource.swift; sourceTree = "<group>"; };
		48A2E71D1DA4B55900B7B422 /* AcknowledgementViewController.swift */ = {isa = PBXFileReference; fileEncoding = 4; lastKnownFileType = sourcecode.swift; path = AcknowledgementViewController.swift; sourceTree = "<group>"; };
		48E5412F1D810F2D008E4DEE /* MessageView.swift */ = {isa = PBXFileReference; fileEncoding = 4; lastKnownFileType = sourcecode.swift; path = MessageView.swift; sourceTree = "<group>"; };
		48E541311D81169C008E4DEE /* MessageDisplayable.swift */ = {isa = PBXFileReference; fileEncoding = 4; lastKnownFileType = sourcecode.swift; path = MessageDisplayable.swift; sourceTree = "<group>"; };
		48F8B52E1DC4603D0031DB5B /* Importable.swift */ = {isa = PBXFileReference; fileEncoding = 4; lastKnownFileType = sourcecode.swift; path = Importable.swift; sourceTree = "<group>"; };
		48F8B5301DC460540031DB5B /* Fetchable.swift */ = {isa = PBXFileReference; fileEncoding = 4; lastKnownFileType = sourcecode.swift; path = Fetchable.swift; sourceTree = "<group>"; };
		48F8B5321DC4FDD70031DB5B /* Settings.bundle */ = {isa = PBXFileReference; lastKnownFileType = "wrapper.plug-in"; path = Settings.bundle; sourceTree = "<group>"; };
		48F8B5341DC672F20031DB5B /* UINavigationBar+Extensions.swift */ = {isa = PBXFileReference; fileEncoding = 4; lastKnownFileType = sourcecode.swift; path = "UINavigationBar+Extensions.swift"; sourceTree = "<group>"; };
		4C9687C4D6702C6F0E9312B6 /* Images.xcassets */ = {isa = PBXFileReference; includeInIndex = 1; lastKnownFileType = folder.assetcatalog; path = Images.xcassets; sourceTree = "<group>"; };
		52680920874D492D40D00CFD /* AppDelegate.swift */ = {isa = PBXFileReference; includeInIndex = 1; lastKnownFileType = sourcecode.swift; path = AppDelegate.swift; sourceTree = "<group>"; };
		53C12ADEC315EA54F9AA76A3 /* ScoreReporter.app */ = {isa = PBXFileReference; explicitFileType = wrapper.application; includeInIndex = 0; path = ScoreReporter.app; sourceTree = BUILT_PRODUCTS_DIR; };
		648BA6BA3DC2DAAB2475AB21 /* Pods_ScoreReporter.framework */ = {isa = PBXFileReference; explicitFileType = wrapper.framework; includeInIndex = 0; path = Pods_ScoreReporter.framework; sourceTree = BUILT_PRODUCTS_DIR; };
		693B305DC64788811391D5AF /* Foundation.framework */ = {isa = PBXFileReference; lastKnownFileType = wrapper.framework; name = Foundation.framework; path = Platforms/iPhoneOS.platform/Developer/SDKs/iPhoneOS8.3.sdk/System/Library/Frameworks/Foundation.framework; sourceTree = DEVELOPER_DIR; };
		C067E9D539D5600279356388 /* Pods.framework */ = {isa = PBXFileReference; explicitFileType = wrapper.framework; includeInIndex = 0; path = Pods.framework; sourceTree = BUILT_PRODUCTS_DIR; };
		DB8710D0BC735C12F2E5C91F /* Pods-ScoreReporter.debug.xcconfig */ = {isa = PBXFileReference; includeInIndex = 1; lastKnownFileType = text.xcconfig; name = "Pods-ScoreReporter.debug.xcconfig"; path = "Pods/Target Support Files/Pods-ScoreReporter/Pods-ScoreReporter.debug.xcconfig"; sourceTree = "<group>"; };
		E8B50829352C52B2EA51452D /* UnitTests-Info.plist */ = {isa = PBXFileReference; includeInIndex = 1; lastKnownFileType = text.plist.xml; path = "UnitTests-Info.plist"; sourceTree = "<group>"; };
		ECC37AEEC24C8C98B8293146 /* UnitTests.xctest */ = {isa = PBXFileReference; explicitFileType = wrapper.cfbundle; includeInIndex = 0; path = UnitTests.xctest; sourceTree = BUILT_PRODUCTS_DIR; };
/* End PBXFileReference section */

/* Begin PBXFrameworksBuildPhase section */
		1644F040C7ECBC394F5CCDE4 /* Frameworks */ = {
			isa = PBXFrameworksBuildPhase;
			buildActionMask = 2147483647;
			files = (
				DA88F1ED835B8C624CD0ACCB /* Foundation.framework in Frameworks */,
				7F66699D3AFAECEE6C1E5EC5 /* Pods_ScoreReporter.framework in Frameworks */,
			);
			runOnlyForDeploymentPostprocessing = 0;
		};
		8B9B9A1A5F33CECABC657263 /* Frameworks */ = {
			isa = PBXFrameworksBuildPhase;
			buildActionMask = 2147483647;
			files = (
			);
			runOnlyForDeploymentPostprocessing = 0;
		};
/* End PBXFrameworksBuildPhase section */

/* Begin PBXGroup section */
		2E91F1BFF2A58D6F931A75C4 /* Resources */ = {
			isa = PBXGroup;
			children = (
				4C9687C4D6702C6F0E9312B6 /* Images.xcassets */,
				38B928A7FFDA3B386C7371C6 /* LaunchScreen.xib */,
				0EECBD668089EE283C31E7A7 /* Info.plist */,
				48F8B5321DC4FDD70031DB5B /* Settings.bundle */,
			);
			path = Resources;
			sourceTree = "<group>";
		};
		3764A2B154BEA64F98903C0F /* Frameworks */ = {
			isa = PBXGroup;
			children = (
				68A0FF57993D076C9C493638 /* iOS */,
				C067E9D539D5600279356388 /* Pods.framework */,
				648BA6BA3DC2DAAB2475AB21 /* Pods_ScoreReporter.framework */,
			);
			name = Frameworks;
			sourceTree = "<group>";
		};
		3896B0DAF0B7AFBE95DE0E4B = {
			isa = PBXGroup;
			children = (
				BDCB23798C38F5C0642B2160 /* ScoreReporter */,
				D6765F0F8515402A5393BD58 /* UnitTests */,
				3764A2B154BEA64F98903C0F /* Frameworks */,
				9EFD5DD9B1ADAC3E3242E245 /* Products */,
				DCC11C7EE4C5975D2493EB06 /* Pods */,
			);
			indentWidth = 4;
			sourceTree = "<group>";
			tabWidth = 4;
			usesTabs = 0;
		};
		483453BD1D8D8A0D00F0918A /* Home */ = {
			isa = PBXGroup;
			children = (
				488CAA631D7E367600C3E597 /* HomeViewController.swift */,
				488CAA6B1D7E4A5E00C3E597 /* HomeViewModel.swift */,
				483453B71D8D009200F0918A /* HomeDataSource.swift */,
				488CAA651D7E3C7500C3E597 /* HomeEventCell.swift */,
			);
			name = Home;
			sourceTree = "<group>";
		};
		483453BE1D8D8A3700F0918A /* Event Details */ = {
			isa = PBXGroup;
			children = (
				483453C21D8DA87900F0918A /* EventDetailsViewController.swift */,
				48400E9F1D90DC4800927EB6 /* EventDetailsViewModel.swift */,
				48400E8E1D8F4B5D00927EB6 /* EventDetailsDataSource.swift */,
				48400E7E1D8E196800927EB6 /* EventDetailsHeaderView.swift */,
				48400E871D8EE6B700927EB6 /* EventDetailsInfoCell.swift */,
				068034811D3F1BBC006BD4C1 /* EventViewModel.swift */,
				48400E8C1D8F3DC300927EB6 /* GroupViewModel.swift */,
			);
			name = "Event Details";
			sourceTree = "<group>";
		};
		483453BF1D8D8A6000F0918A /* Event Search */ = {
			isa = PBXGroup;
			children = (
				488CAA6D1D7E5E0500C3E597 /* EventSearchViewController.swift */,
				483453C01D8D8E8200F0918A /* EventSearchDataSource.swift */,
			);
			name = "Event Search";
			sourceTree = "<group>";
		};
		48400E891D8EF94F00927EB6 /* Login */ = {
			isa = PBXGroup;
			children = (
				48400E8A1D8EFAB400927EB6 /* LoginViewController.swift */,
			);
			name = Login;
			sourceTree = "<group>";
		};
		48400E941D8F5D5000927EB6 /* Bookmarks */ = {
			isa = PBXGroup;
			children = (
				48400E951D8F5D6100927EB6 /* BookmarksViewController.swift */,
				48400E9D1D90C7CA00927EB6 /* BookmarksDataSource.swift */,
			);
			name = Bookmarks;
			sourceTree = "<group>";
		};
		484951731D9649D700C95F2F /* Group Details */ = {
			isa = PBXGroup;
			children = (
				484951741D964A6600C95F2F /* GroupDetailsViewController.swift */,
				484951761D964BCE00C95F2F /* GroupDetailsDataSource.swift */,
			);
			name = "Group Details";
			sourceTree = "<group>";
		};
		484951781D9653D600C95F2F /* Pools */ = {
			isa = PBXGroup;
			children = (
				4849517B1D9657AA00C95F2F /* PoolsViewController.swift */,
				484951791D9653E600C95F2F /* PoolsDataSource.swift */,
				4849517F1D96FBFE00C95F2F /* StandingCell.swift */,
			);
			name = Pools;
			sourceTree = "<group>";
		};
		487BF3721D9856760082D6FC /* Game List */ = {
			isa = PBXGroup;
			children = (
				487BF3751D985A230082D6FC /* GameListViewController.swift */,
				487BF37C1D9880F20082D6FC /* GameListDataSource.swift */,
				487BF3771D985BEA0082D6FC /* GameListCell.swift */,
				487BF37E1D98C8510082D6FC /* GameViewModel.swift */,
			);
			name = "Game List";
			sourceTree = "<group>";
		};
		487BF3841D9A0A1B0082D6FC /* Bracket List */ = {
			isa = PBXGroup;
			children = (
				487BF3871D9A0B630082D6FC /* BracketListViewController.swift */,
				487BF3851D9A0A340082D6FC /* BracketListDataSource.swift */,
				487BF3891D9A0BD00082D6FC /* BracketListCell.swift */,
			);
			name = "Bracket List";
			sourceTree = "<group>";
		};
		48A2E70E1DA49CF200B7B422 /* Settings */ = {
			isa = PBXGroup;
			children = (
				48A2E71C1DA4B54700B7B422 /* Acknowledgement */,
				48A2E7171DA4AFF800B7B422 /* Acknowledgement List */,
				48A2E70F1DA49D2300B7B422 /* SettingsViewController.swift */,
				48A2E7111DA49E1800B7B422 /* SettingsDataSource.swift */,
				48A2E7151DA4A1DD00B7B422 /* SettingsCell.swift */,
			);
			name = Settings;
			sourceTree = "<group>";
		};
		48A2E7171DA4AFF800B7B422 /* Acknowledgement List */ = {
			isa = PBXGroup;
			children = (
				48A2E7181DA4B01600B7B422 /* AcknowledgementListViewController.swift */,
				48A2E71A1DA4B02200B7B422 /* AcknowledgementListDataSource.swift */,
			);
			name = "Acknowledgement List";
			sourceTree = "<group>";
		};
		48A2E71C1DA4B54700B7B422 /* Acknowledgement */ = {
			isa = PBXGroup;
			children = (
				48A2E71D1DA4B55900B7B422 /* AcknowledgementViewController.swift */,
			);
			name = Acknowledgement;
			sourceTree = "<group>";
		};
		5363831774D6338F6F435C47 /* Extensions */ = {
			isa = PBXGroup;
			children = (
				0665DF2E1D3DE92E006D2070 /* String+Extensions.swift */,
				0665DF301D3DEA9D006D2070 /* NSDate+Extensions.swift */,
				068034771D3ECD53006BD4C1 /* UICollectionView+Extensions.swift */,
				0680347D1D3F121F006BD4C1 /* UIColor+Extensions.swift */,
				488CAA691D7E440600C3E597 /* UITableView+Extensions.swift */,
				481A97BF1D88E6720066B749 /* UIViewController+Extensions.swift */,
				481A97C11D88E7CD0066B749 /* UIView+KeyboardLayoutGuide.swift */,
				482045461DB5AAEA00739E73 /* KVOController+Extensions.swift */,
				48F8B5341DC672F20031DB5B /* UINavigationBar+Extensions.swift */,
				481580961DCAC0CE008F141B /* CALayer+Extensions.swift */,
			);
			path = Extensions;
			sourceTree = "<group>";
		};
		68A0FF57993D076C9C493638 /* iOS */ = {
			isa = PBXGroup;
			children = (
				693B305DC64788811391D5AF /* Foundation.framework */,
			);
			name = iOS;
			sourceTree = "<group>";
		};
		7260F929EC527B6016179664 /* Resources */ = {
			isa = PBXGroup;
			children = (
				E8B50829352C52B2EA51452D /* UnitTests-Info.plist */,
			);
			path = Resources;
			sourceTree = "<group>";
		};
		8B15EA5848F643DEE4DA2678 /* Helpers */ = {
			isa = PBXGroup;
			children = (
			);
			path = Helpers;
			sourceTree = "<group>";
		};
		8C9462C06DBD76CB33CD55E2 /* Controllers */ = {
			isa = PBXGroup;
			children = (
				48400E921D8F573300927EB6 /* TabBarController.swift */,
				0680347F1D3F140A006BD4C1 /* BaseNavigationController.swift */,
				483453C61D8DBB4C00F0918A /* BackAnimationController.swift */,
				485562281DC6F7620011C53D /* NavigationBarAnimatorView.swift */,
				4815808A1DC86A50008F141B /* NavigationButton.swift */,
				4815808C1DC86A5A008F141B /* NavigationItemView.swift */,
				4815808E1DC86A66008F141B /* NavigationItemButtonView.swift */,
			);
			path = Controllers;
			sourceTree = "<group>";
		};
		8D5C71E94EB7BB938BEF1C6E /* Tests */ = {
			isa = PBXGroup;
			children = (
			);
			path = Tests;
			sourceTree = "<group>";
		};
		9EFD5DD9B1ADAC3E3242E245 /* Products */ = {
			isa = PBXGroup;
			children = (
				53C12ADEC315EA54F9AA76A3 /* ScoreReporter.app */,
				ECC37AEEC24C8C98B8293146 /* UnitTests.xctest */,
			);
			name = Products;
			sourceTree = "<group>";
		};
		9F6628FE0A446E00A7F2DD6E /* Services */ = {
			isa = PBXGroup;
			children = (
				0665DF011D3DBCC3006D2070 /* EventService.swift */,
				0665DF031D3DBCF1006D2070 /* APIClient.swift */,
				0665DF2C1D3DD8A6006D2070 /* DateService.swift */,
				487BF38B1D9A18F50082D6FC /* ManagedObjectObserver.swift */,
			);
			path = Services;
			sourceTree = "<group>";
		};
		B2E44A6E037D1EA6EC46D8A0 /* Protocols */ = {
			isa = PBXGroup;
			children = (
				0680348E1D4094AC006BD4C1 /* DataSource.swift */,
				488CAA711D7E68C300C3E597 /* KeyboardObservable.swift */,
				48E541311D81169C008E4DEE /* MessageDisplayable.swift */,
				483453B91D8D02DD00F0918A /* FetchedChangable.swift */,
				483453BB1D8D083D00F0918A /* FetchedChangeObject.swift */,
				48F8B52E1DC4603D0031DB5B /* Importable.swift */,
				48F8B5301DC460540031DB5B /* Fetchable.swift */,
			);
			path = Protocols;
			sourceTree = "<group>";
		};
		BDCB23798C38F5C0642B2160 /* ScoreReporter */ = {
			isa = PBXGroup;
			children = (
				48A2E70E1DA49CF200B7B422 /* Settings */,
				487BF3841D9A0A1B0082D6FC /* Bracket List */,
				487BF3721D9856760082D6FC /* Game List */,
				484951781D9653D600C95F2F /* Pools */,
				484951731D9649D700C95F2F /* Group Details */,
				48400E941D8F5D5000927EB6 /* Bookmarks */,
				48400E891D8EF94F00927EB6 /* Login */,
				483453BF1D8D8A6000F0918A /* Event Search */,
				483453BE1D8D8A3700F0918A /* Event Details */,
				483453BD1D8D8A0D00F0918A /* Home */,
				E2E5ED9D04AACD67F94ABF4E /* Application */,
				5363831774D6338F6F435C47 /* Extensions */,
				B2E44A6E037D1EA6EC46D8A0 /* Protocols */,
				F6EAC71FF6CDD10CCE2D5E70 /* Models */,
				8C9462C06DBD76CB33CD55E2 /* Controllers */,
				EF8C2202813E2DB9869CDAFB /* Views */,
				9F6628FE0A446E00A7F2DD6E /* Services */,
				2E91F1BFF2A58D6F931A75C4 /* Resources */,
			);
			path = ScoreReporter;
			sourceTree = "<group>";
		};
		D6765F0F8515402A5393BD58 /* UnitTests */ = {
			isa = PBXGroup;
			children = (
				7260F929EC527B6016179664 /* Resources */,
				8B15EA5848F643DEE4DA2678 /* Helpers */,
				8D5C71E94EB7BB938BEF1C6E /* Tests */,
			);
			path = UnitTests;
			sourceTree = "<group>";
		};
		DCC11C7EE4C5975D2493EB06 /* Pods */ = {
			isa = PBXGroup;
			children = (
				01D2D59648E4497DDEA9D944 /* Pods-ScoreReporter.release.xcconfig */,
				DB8710D0BC735C12F2E5C91F /* Pods-ScoreReporter.debug.xcconfig */,
			);
			name = Pods;
			sourceTree = "<group>";
		};
		E2E5ED9D04AACD67F94ABF4E /* Application */ = {
			isa = PBXGroup;
			children = (
				52680920874D492D40D00CFD /* AppDelegate.swift */,
			);
			path = Application;
			sourceTree = "<group>";
		};
		EF8C2202813E2DB9869CDAFB /* Views */ = {
			isa = PBXGroup;
			children = (
				4849517D1D96F1CF00C95F2F /* SectionHeaderView.swift */,
				0680348A1D407C7A006BD4C1 /* DefaultView.swift */,
				48E5412F1D810F2D008E4DEE /* MessageView.swift */,
			);
			path = Views;
			sourceTree = "<group>";
		};
		F6EAC71FF6CDD10CCE2D5E70 /* Models */ = {
			isa = PBXGroup;
			children = (
				0665DF051D3DC7B6006D2070 /* ScoreReporter.xcdatamodeld */,
				0665DEFD1D3DBB6F006D2070 /* CoreDataStack.swift */,
				0665DF081D3DC8B3006D2070 /* Event+CoreDataProperties.swift */,
				0665DF091D3DC8B3006D2070 /* Event.swift */,
				0665DF0E1D3DD4C7006D2070 /* Group+CoreDataProperties.swift */,
				0665DF0F1D3DD4C7006D2070 /* Group.swift */,
				0665DF101D3DD4C7006D2070 /* Round+CoreDataProperties.swift */,
				0665DF111D3DD4C7006D2070 /* Round.swift */,
				0665DF181D3DD4C8006D2070 /* Bracket+CoreDataProperties.swift */,
				0665DF191D3DD4C8006D2070 /* Bracket.swift */,
				0665DF121D3DD4C7006D2070 /* Cluster+CoreDataProperties.swift */,
				0665DF131D3DD4C8006D2070 /* Cluster.swift */,
				0665DF0C1D3DD4C7006D2070 /* Pool+CoreDataProperties.swift */,
				0665DF0D1D3DD4C7006D2070 /* Pool.swift */,
				0665DF141D3DD4C8006D2070 /* Stage+CoreDataProperties.swift */,
				0665DF151D3DD4C8006D2070 /* Stage.swift */,
				0665DF161D3DD4C8006D2070 /* Game+CoreDataProperties.swift */,
				0665DF171D3DD4C8006D2070 /* Game.swift */,
				0665DF1A1D3DD4C8006D2070 /* Standing+CoreDataProperties.swift */,
				0665DF1B1D3DD4C8006D2070 /* Standing.swift */,
			);
			path = Models;
			sourceTree = "<group>";
		};
/* End PBXGroup section */

/* Begin PBXNativeTarget section */
		BD6C1FD2302B8FE50C967CE7 /* ScoreReporter */ = {
			isa = PBXNativeTarget;
			buildConfigurationList = E6ABFC6A0536DBDACB8D6480 /* Build configuration list for PBXNativeTarget "ScoreReporter" */;
			buildPhases = (
				E11929AD81B8D59E0B772A80 /* [CP] Check Pods Manifest.lock */,
				4D3C4FE6F25965146E7DB668 /* Sources */,
				1644F040C7ECBC394F5CCDE4 /* Frameworks */,
				A2C6FCDEF984C56E853E275B /* Resources */,
				D11CF7FF6D7253616294169A /* Warn for TODO and FIXME comments */,
				CD3B290AE94E5C5705BD37EF /* Set version number */,
				6F7B224955C4D51C5E2E7FB9 /* [CP] Embed Pods Frameworks */,
				4876729D6E848D674A2BB376 /* [CP] Copy Pods Resources */,
			);
			buildRules = (
			);
			dependencies = (
			);
			name = ScoreReporter;
			productName = ScoreReporter;
			productReference = 53C12ADEC315EA54F9AA76A3 /* ScoreReporter.app */;
			productType = "com.apple.product-type.application";
		};
		BF071942AAF8B5797A463E15 /* UnitTests */ = {
			isa = PBXNativeTarget;
			buildConfigurationList = 8CF34098D12568B13E8C7D02 /* Build configuration list for PBXNativeTarget "UnitTests" */;
			buildPhases = (
				82EDB9BD0C3A11869B5E8300 /* Sources */,
				8B9B9A1A5F33CECABC657263 /* Frameworks */,
				C329C3D671850177C6E62BB9 /* Resources */,
			);
			buildRules = (
			);
			dependencies = (
				87A5CA5A1CAF8AB2CA923F36 /* PBXTargetDependency */,
			);
			name = UnitTests;
			productName = UnitTests;
			productReference = ECC37AEEC24C8C98B8293146 /* UnitTests.xctest */;
			productType = "com.apple.product-type.bundle.unit-test";
		};
/* End PBXNativeTarget section */

/* Begin PBXProject section */
		9908A4E7CAEDE5855F39122C /* Project object */ = {
			isa = PBXProject;
			attributes = {
				CLASSPREFIX = "";
				LastSwiftUpdateCheck = 0700;
				LastUpgradeCheck = 0800;
				ORGANIZATIONNAME = "Brad Smith";
				TargetAttributes = {
					BD6C1FD2302B8FE50C967CE7 = {
						DevelopmentTeam = Q9WZ7ZSJK2;
					};
				};
			};
			buildConfigurationList = B6859C92281FC50A5284E913 /* Build configuration list for PBXProject "ScoreReporter" */;
			compatibilityVersion = "Xcode 3.2";
			developmentRegion = English;
			hasScannedForEncodings = 0;
			knownRegions = (
				en,
			);
			mainGroup = 3896B0DAF0B7AFBE95DE0E4B;
			productRefGroup = 9EFD5DD9B1ADAC3E3242E245 /* Products */;
			projectDirPath = "";
			projectRoot = "";
			targets = (
				BD6C1FD2302B8FE50C967CE7 /* ScoreReporter */,
				BF071942AAF8B5797A463E15 /* UnitTests */,
			);
		};
/* End PBXProject section */

/* Begin PBXResourcesBuildPhase section */
		A2C6FCDEF984C56E853E275B /* Resources */ = {
			isa = PBXResourcesBuildPhase;
			buildActionMask = 2147483647;
			files = (
				01F48093C80BC7197AFDE3D8 /* Images.xcassets in Resources */,
				48F8B5331DC4FDD70031DB5B /* Settings.bundle in Resources */,
				31229FBAC89902DC8BB026C0 /* LaunchScreen.xib in Resources */,
			);
			runOnlyForDeploymentPostprocessing = 0;
		};
		C329C3D671850177C6E62BB9 /* Resources */ = {
			isa = PBXResourcesBuildPhase;
			buildActionMask = 2147483647;
			files = (
			);
			runOnlyForDeploymentPostprocessing = 0;
		};
/* End PBXResourcesBuildPhase section */

/* Begin PBXShellScriptBuildPhase section */
		4876729D6E848D674A2BB376 /* [CP] Copy Pods Resources */ = {
			isa = PBXShellScriptBuildPhase;
			buildActionMask = 2147483647;
			files = (
			);
			inputPaths = (
			);
			name = "[CP] Copy Pods Resources";
			outputPaths = (
			);
			runOnlyForDeploymentPostprocessing = 0;
			shellPath = /bin/sh;
			shellScript = "\"${SRCROOT}/Pods/Target Support Files/Pods-ScoreReporter/Pods-ScoreReporter-resources.sh\"\n";
			showEnvVarsInLog = 0;
		};
		6F7B224955C4D51C5E2E7FB9 /* [CP] Embed Pods Frameworks */ = {
			isa = PBXShellScriptBuildPhase;
			buildActionMask = 2147483647;
			files = (
			);
			inputPaths = (
			);
			name = "[CP] Embed Pods Frameworks";
			outputPaths = (
			);
			runOnlyForDeploymentPostprocessing = 0;
			shellPath = /bin/sh;
			shellScript = "\"${SRCROOT}/Pods/Target Support Files/Pods-ScoreReporter/Pods-ScoreReporter-frameworks.sh\"\n";
			showEnvVarsInLog = 0;
		};
		CD3B290AE94E5C5705BD37EF /* Set version number */ = {
			isa = PBXShellScriptBuildPhase;
			buildActionMask = 2147483647;
			files = (
			);
			inputPaths = (
			);
			name = "Set version number";
			outputPaths = (
			);
			runOnlyForDeploymentPostprocessing = 0;
			shellPath = /bin/sh;
			shellScript = "git=$(sh /etc/profile; which git)\ngit_release_version=$(\"$git\" describe --tags --always --abbrev=0)\nnumber_of_commits=$(\"$git\" rev-list master --count)\ntarget_plist=\"$TARGET_BUILD_DIR/$INFOPLIST_PATH\"\ndsym_plist=\"$DWARF_DSYM_FOLDER_PATH/$DWARF_DSYM_FILE_NAME/Contents/Info.plist\"\n\nfor plist in \"$target_plist\" \"$dsym_plist\"; do\n  if [ -f \"$plist\" ]; then\n    /usr/libexec/PlistBuddy -c \"Set :CFBundleVersion $number_of_commits\" \"$plist\"\n    /usr/libexec/PlistBuddy -c \"Set :CFBundleShortVersionString ${git_release_version#*v}\" \"$plist\"\n  fi\ndone\n";
		};
		D11CF7FF6D7253616294169A /* Warn for TODO and FIXME comments */ = {
			isa = PBXShellScriptBuildPhase;
			buildActionMask = 2147483647;
			files = (
			);
			inputPaths = (
			);
			name = "Warn for TODO and FIXME comments";
			outputPaths = (
			);
			runOnlyForDeploymentPostprocessing = 0;
			shellPath = /bin/sh;
			shellScript = "KEYWORDS=\"TODO:|FIXME:|\\?\\?\\?:|\\!\\!\\!:\"\nFILE_EXTENSIONS=\"swift|h|m|mm|c|cpp\"\nfind -E \"${SRCROOT}\" -ipath \"${SRCROOT}/Carthage\" -o -ipath \"${SRCROOT}/pods\" -prune -o \\( -regex \".*\\.($FILE_EXTENSIONS)$\" \\) -print0 | xargs -0 egrep --with-filename --line-number --only-matching \"($KEYWORDS).*\\$\" | perl -p -e \"s/($KEYWORDS)/ warning: \\$1/\"\n";
		};
		E11929AD81B8D59E0B772A80 /* [CP] Check Pods Manifest.lock */ = {
			isa = PBXShellScriptBuildPhase;
			buildActionMask = 2147483647;
			files = (
			);
			inputPaths = (
			);
			name = "[CP] Check Pods Manifest.lock";
			outputPaths = (
			);
			runOnlyForDeploymentPostprocessing = 0;
			shellPath = /bin/sh;
			shellScript = "diff \"${PODS_ROOT}/../Podfile.lock\" \"${PODS_ROOT}/Manifest.lock\" > /dev/null\nif [ $? != 0 ] ; then\n    # print error to STDERR\n    echo \"error: The sandbox is not in sync with the Podfile.lock. Run 'pod install' or update your CocoaPods installation.\" >&2\n    exit 1\nfi\n";
			showEnvVarsInLog = 0;
		};
/* End PBXShellScriptBuildPhase section */

/* Begin PBXSourcesBuildPhase section */
		4D3C4FE6F25965146E7DB668 /* Sources */ = {
			isa = PBXSourcesBuildPhase;
			buildActionMask = 2147483647;
			files = (
				4815808B1DC86A50008F141B /* NavigationButton.swift in Sources */,
				0665DF0B1D3DC8B3006D2070 /* Event.swift in Sources */,
				0665DF021D3DBCC3006D2070 /* EventService.swift in Sources */,
				48400E931D8F573300927EB6 /* TabBarController.swift in Sources */,
				48E541321D81169C008E4DEE /* MessageDisplayable.swift in Sources */,
				4815808D1DC86A5A008F141B /* NavigationItemView.swift in Sources */,
				48400E881D8EE6B700927EB6 /* EventDetailsInfoCell.swift in Sources */,
				48F8B5351DC672F20031DB5B /* UINavigationBar+Extensions.swift in Sources */,
				068034781D3ECD53006BD4C1 /* UICollectionView+Extensions.swift in Sources */,
				0680348F1D4094AC006BD4C1 /* DataSource.swift in Sources */,
				4849517E1D96F1CF00C95F2F /* SectionHeaderView.swift in Sources */,
				0665DF1C1D3DD4C8006D2070 /* Pool+CoreDataProperties.swift in Sources */,
				487BF3861D9A0A340082D6FC /* BracketListDataSource.swift in Sources */,
				48F8B52F1DC4603D0031DB5B /* Importable.swift in Sources */,
				48A2E7101DA49D2300B7B422 /* SettingsViewController.swift in Sources */,
				483453C11D8D8E8200F0918A /* EventSearchDataSource.swift in Sources */,
				485562291DC6F7620011C53D /* NavigationBarAnimatorView.swift in Sources */,
				0665DF1F1D3DD4C8006D2070 /* Group.swift in Sources */,
				483453BA1D8D02DD00F0918A /* FetchedChangable.swift in Sources */,
				48A2E7161DA4A1DD00B7B422 /* SettingsCell.swift in Sources */,
				0665DF2D1D3DD8A6006D2070 /* DateService.swift in Sources */,
				0665DF2A1D3DD4C8006D2070 /* Standing+CoreDataProperties.swift in Sources */,
				483453B81D8D009200F0918A /* HomeDataSource.swift in Sources */,
				481580971DCAC0CE008F141B /* CALayer+Extensions.swift in Sources */,
				0665DF281D3DD4C8006D2070 /* Bracket+CoreDataProperties.swift in Sources */,
				48A2E71B1DA4B02200B7B422 /* AcknowledgementListDataSource.swift in Sources */,
				0680348B1D407C7A006BD4C1 /* DefaultView.swift in Sources */,
				48E541301D810F2D008E4DEE /* MessageView.swift in Sources */,
				4849517C1D9657AA00C95F2F /* PoolsViewController.swift in Sources */,
				488CAA6E1D7E5E0500C3E597 /* EventSearchViewController.swift in Sources */,
				0665DF221D3DD4C8006D2070 /* Cluster+CoreDataProperties.swift in Sources */,
				0665DF071D3DC7B6006D2070 /* ScoreReporter.xcdatamodeld in Sources */,
				482045471DB5AAEA00739E73 /* KVOController+Extensions.swift in Sources */,
				0665DF201D3DD4C8006D2070 /* Round+CoreDataProperties.swift in Sources */,
				488CAA721D7E68C300C3E597 /* KeyboardObservable.swift in Sources */,
				484951801D96FBFE00C95F2F /* StandingCell.swift in Sources */,
				481A97C21D88E7CD0066B749 /* UIView+KeyboardLayoutGuide.swift in Sources */,
				0665DF2B1D3DD4C8006D2070 /* Standing.swift in Sources */,
				5F1F056AF317FD3844411674 /* AppDelegate.swift in Sources */,
				48400E961D8F5D6100927EB6 /* BookmarksViewController.swift in Sources */,
				481A97C01D88E6720066B749 /* UIViewController+Extensions.swift in Sources */,
				068034801D3F140A006BD4C1 /* BaseNavigationController.swift in Sources */,
				48400E8B1D8EFAB400927EB6 /* LoginViewController.swift in Sources */,
				48400E8D1D8F3DC300927EB6 /* GroupViewModel.swift in Sources */,
				0665DF311D3DEA9D006D2070 /* NSDate+Extensions.swift in Sources */,
				48400E9E1D90C7CA00927EB6 /* BookmarksDataSource.swift in Sources */,
				48F8B5311DC460540031DB5B /* Fetchable.swift in Sources */,
				483453C71D8DBB4C00F0918A /* BackAnimationController.swift in Sources */,
				0665DF261D3DD4C8006D2070 /* Game+CoreDataProperties.swift in Sources */,
				48A2E7191DA4B01600B7B422 /* AcknowledgementListViewController.swift in Sources */,
				0665DF0A1D3DC8B3006D2070 /* Event+CoreDataProperties.swift in Sources */,
				488CAA6C1D7E4A5E00C3E597 /* HomeViewModel.swift in Sources */,
				483453BC1D8D083D00F0918A /* FetchedChangeObject.swift in Sources */,
				0665DF2F1D3DE92E006D2070 /* String+Extensions.swift in Sources */,
				4849517A1D9653E600C95F2F /* PoolsDataSource.swift in Sources */,
				0680347E1D3F121F006BD4C1 /* UIColor+Extensions.swift in Sources */,
				487BF38A1D9A0BD00082D6FC /* BracketListCell.swift in Sources */,
				0665DF271D3DD4C8006D2070 /* Game.swift in Sources */,
				0665DF231D3DD4C8006D2070 /* Cluster.swift in Sources */,
				484951751D964A6600C95F2F /* GroupDetailsViewController.swift in Sources */,
				0665DF291D3DD4C8006D2070 /* Bracket.swift in Sources */,
				488CAA661D7E3C7500C3E597 /* HomeEventCell.swift in Sources */,
				0665DF041D3DBCF1006D2070 /* APIClient.swift in Sources */,
				487BF3761D985A230082D6FC /* GameListViewController.swift in Sources */,
				0665DF251D3DD4C8006D2070 /* Stage.swift in Sources */,
				487BF3781D985BEA0082D6FC /* GameListCell.swift in Sources */,
				0665DEFE1D3DBB6F006D2070 /* CoreDataStack.swift in Sources */,
				487BF3881D9A0B630082D6FC /* BracketListViewController.swift in Sources */,
				48400EA01D90DC4800927EB6 /* EventDetailsViewModel.swift in Sources */,
				48400E8F1D8F4B5D00927EB6 /* EventDetailsDataSource.swift in Sources */,
				488CAA6A1D7E440600C3E597 /* UITableView+Extensions.swift in Sources */,
				0665DF1D1D3DD4C8006D2070 /* Pool.swift in Sources */,
				483453C31D8DA87900F0918A /* EventDetailsViewController.swift in Sources */,
				4815808F1DC86A66008F141B /* NavigationItemButtonView.swift in Sources */,
				488CAA641D7E367600C3E597 /* HomeViewController.swift in Sources */,
				0665DF211D3DD4C8006D2070 /* Round.swift in Sources */,
				487BF37D1D9880F20082D6FC /* GameListDataSource.swift in Sources */,
				487BF37F1D98C8510082D6FC /* GameViewModel.swift in Sources */,
				48A2E7121DA49E1800B7B422 /* SettingsDataSource.swift in Sources */,
				484951771D964BCE00C95F2F /* GroupDetailsDataSource.swift in Sources */,
				0665DF241D3DD4C8006D2070 /* Stage+CoreDataProperties.swift in Sources */,
				48A2E71E1DA4B55900B7B422 /* AcknowledgementViewController.swift in Sources */,
				068034821D3F1BBC006BD4C1 /* EventViewModel.swift in Sources */,
				48400E7F1D8E196800927EB6 /* EventDetailsHeaderView.swift in Sources */,
				0665DF1E1D3DD4C8006D2070 /* Group+CoreDataProperties.swift in Sources */,
				487BF38C1D9A18F50082D6FC /* ManagedObjectObserver.swift in Sources */,
			);
			runOnlyForDeploymentPostprocessing = 0;
		};
		82EDB9BD0C3A11869B5E8300 /* Sources */ = {
			isa = PBXSourcesBuildPhase;
			buildActionMask = 2147483647;
			files = (
			);
			runOnlyForDeploymentPostprocessing = 0;
		};
/* End PBXSourcesBuildPhase section */

/* Begin PBXTargetDependency section */
		87A5CA5A1CAF8AB2CA923F36 /* PBXTargetDependency */ = {
			isa = PBXTargetDependency;
			name = ScoreReporter;
			target = BD6C1FD2302B8FE50C967CE7 /* ScoreReporter */;
			targetProxy = BFD5306F4574C7A503A34ACE /* PBXContainerItemProxy */;
		};
/* End PBXTargetDependency section */

/* Begin XCBuildConfiguration section */
		0700C64B95F5763190D86862 /* Debug */ = {
			isa = XCBuildConfiguration;
			buildSettings = {
				BUNDLE_LOADER = "$(BUILT_PRODUCTS_DIR)/ScoreReporter.app/ScoreReporter";
				ENABLE_STRICT_OBJC_MSGSEND = YES;
				FRAMEWORK_SEARCH_PATHS = (
					"$(SDKROOT)/Developer/Library/Frameworks",
					"$(inherited)",
					"$(DEVELOPER_FRAMEWORKS_DIR)",
				);
				INFOPLIST_FILE = "UnitTests/Resources/UnitTests-Info.plist";
				PRODUCT_BUNDLE_IDENTIFIER = "com.bradsmith.${PRODUCT_NAME:rfc1034identifier}";
				PRODUCT_NAME = "$(TARGET_NAME)";
				SDKROOT = iphoneos;
				SKIP_INSTALL = YES;
				TEST_HOST = "$(BUNDLE_LOADER)";
				WRAPPER_EXTENSION = xctest;
			};
			name = Debug;
		};
		2AA3852F591321C3744A9D27 /* Debug */ = {
			isa = XCBuildConfiguration;
			buildSettings = {
				ALWAYS_SEARCH_USER_PATHS = NO;
				ASSETCATALOG_COMPILER_APPICON_NAME = AppIcon;
				CLANG_CXX_LANGUAGE_STANDARD = "gnu++0x";
				CLANG_CXX_LIBRARY = "libc++";
				CLANG_ENABLE_MODULES = YES;
				CLANG_ENABLE_OBJC_ARC = YES;
				CLANG_WARN_BOOL_CONVERSION = YES;
				CLANG_WARN_CONSTANT_CONVERSION = YES;
				CLANG_WARN_DEPRECATED_OBJC_IMPLEMENTATIONS = YES;
				CLANG_WARN_DIRECT_OBJC_ISA_USAGE = YES;
				CLANG_WARN_EMPTY_BODY = YES;
				CLANG_WARN_ENUM_CONVERSION = YES;
				CLANG_WARN_IMPLICIT_SIGN_CONVERSION = YES;
				CLANG_WARN_INFINITE_RECURSION = YES;
				CLANG_WARN_INT_CONVERSION = YES;
				CLANG_WARN_OBJC_IMPLICIT_RETAIN_SELF = YES;
				CLANG_WARN_OBJC_ROOT_CLASS = YES;
				CLANG_WARN_SUSPICIOUS_IMPLICIT_CONVERSION = YES;
				CLANG_WARN_SUSPICIOUS_MOVE = YES;
				CLANG_WARN_UNREACHABLE_CODE = YES;
				CLANG_WARN__DUPLICATE_METHOD_MATCH = YES;
				"CODE_SIGN_IDENTITY[sdk=iphoneos*]" = "iPhone Developer";
				COPY_PHASE_STRIP = NO;
				ENABLE_STRICT_OBJC_MSGSEND = YES;
				ENABLE_TESTABILITY = YES;
				GCC_C_LANGUAGE_STANDARD = gnu99;
				GCC_DYNAMIC_NO_PIC = NO;
				GCC_NO_COMMON_BLOCKS = YES;
				GCC_OPTIMIZATION_LEVEL = 0;
				GCC_PREPROCESSOR_DEFINITIONS = (
					"DEBUG=1",
					"$(inherited)",
				);
				GCC_SYMBOLS_PRIVATE_EXTERN = NO;
				GCC_WARN_64_TO_32_BIT_CONVERSION = YES;
				GCC_WARN_ABOUT_DEPRECATED_FUNCTIONS = YES;
				GCC_WARN_ABOUT_MISSING_FIELD_INITIALIZERS = YES;
				GCC_WARN_ABOUT_MISSING_NEWLINE = YES;
				GCC_WARN_ABOUT_RETURN_TYPE = YES;
				GCC_WARN_CHECK_SWITCH_STATEMENTS = YES;
				GCC_WARN_INITIALIZER_NOT_FULLY_BRACKETED = YES;
				GCC_WARN_MISSING_PARENTHESES = YES;
				GCC_WARN_SHADOW = YES;
				GCC_WARN_SIGN_COMPARE = YES;
				GCC_WARN_TYPECHECK_CALLS_TO_PRINTF = YES;
				GCC_WARN_UNDECLARED_SELECTOR = YES;
				GCC_WARN_UNINITIALIZED_AUTOS = YES;
				GCC_WARN_UNUSED_FUNCTION = YES;
				GCC_WARN_UNUSED_LABEL = YES;
				GCC_WARN_UNUSED_VALUE = YES;
				GCC_WARN_UNUSED_VARIABLE = YES;
				IPHONEOS_DEPLOYMENT_TARGET = 9.0;
				ONLY_ACTIVE_ARCH = YES;
				RUN_CLANG_STATIC_ANALYZER = YES;
				SDKROOT = iphoneos;
			};
			name = Debug;
		};
		65592B4AA7A2CA8EFF64820E /* Release */ = {
			isa = XCBuildConfiguration;
			baseConfigurationReference = 01D2D59648E4497DDEA9D944 /* Pods-ScoreReporter.release.xcconfig */;
			buildSettings = {
				ALWAYS_EMBED_SWIFT_STANDARD_LIBRARIES = YES;
				ASSETCATALOG_COMPILER_APPICON_NAME = AppIcon;
				"CODE_SIGN_IDENTITY[sdk=iphoneos*]" = "iPhone Developer";
				DEVELOPMENT_TEAM = Q9WZ7ZSJK2;
				ENABLE_STRICT_OBJC_MSGSEND = YES;
				GCC_TREAT_WARNINGS_AS_ERRORS = YES;
				INFOPLIST_FILE = ScoreReporter/Resources/Info.plist;
				LD_RUNPATH_SEARCH_PATHS = "$(inherited) @executable_path/Frameworks";
				MTL_ENABLE_DEBUG_INFO = NO;
				PRODUCT_BUNDLE_IDENTIFIER = "com.bradsmith.${PRODUCT_NAME:rfc1034identifier}";
				PRODUCT_NAME = "$(TARGET_NAME)";
				SDKROOT = iphoneos;
				SWIFT_OPTIMIZATION_LEVEL = "-Owholemodule";
				SWIFT_VERSION = 2.3;
			};
			name = Release;
		};
		7BE1477EC47180B06F582864 /* Release */ = {
			isa = XCBuildConfiguration;
			buildSettings = {
				ALWAYS_SEARCH_USER_PATHS = NO;
				ASSETCATALOG_COMPILER_APPICON_NAME = AppIcon;
				CLANG_CXX_LANGUAGE_STANDARD = "gnu++0x";
				CLANG_CXX_LIBRARY = "libc++";
				CLANG_ENABLE_MODULES = YES;
				CLANG_ENABLE_OBJC_ARC = YES;
				CLANG_WARN_BOOL_CONVERSION = YES;
				CLANG_WARN_CONSTANT_CONVERSION = YES;
				CLANG_WARN_DEPRECATED_OBJC_IMPLEMENTATIONS = YES;
				CLANG_WARN_DIRECT_OBJC_ISA_USAGE = YES;
				CLANG_WARN_EMPTY_BODY = YES;
				CLANG_WARN_ENUM_CONVERSION = YES;
				CLANG_WARN_IMPLICIT_SIGN_CONVERSION = YES;
				CLANG_WARN_INFINITE_RECURSION = YES;
				CLANG_WARN_INT_CONVERSION = YES;
				CLANG_WARN_OBJC_IMPLICIT_RETAIN_SELF = YES;
				CLANG_WARN_OBJC_ROOT_CLASS = YES;
				CLANG_WARN_SUSPICIOUS_IMPLICIT_CONVERSION = YES;
				CLANG_WARN_SUSPICIOUS_MOVE = YES;
				CLANG_WARN_UNREACHABLE_CODE = YES;
				CLANG_WARN__DUPLICATE_METHOD_MATCH = YES;
				"CODE_SIGN_IDENTITY[sdk=iphoneos*]" = "iPhone Developer";
				COPY_PHASE_STRIP = YES;
				ENABLE_NS_ASSERTIONS = NO;
				ENABLE_STRICT_OBJC_MSGSEND = YES;
				GCC_C_LANGUAGE_STANDARD = gnu99;
				GCC_NO_COMMON_BLOCKS = YES;
				GCC_WARN_64_TO_32_BIT_CONVERSION = YES;
				GCC_WARN_ABOUT_DEPRECATED_FUNCTIONS = YES;
				GCC_WARN_ABOUT_MISSING_FIELD_INITIALIZERS = YES;
				GCC_WARN_ABOUT_MISSING_NEWLINE = YES;
				GCC_WARN_ABOUT_RETURN_TYPE = YES;
				GCC_WARN_CHECK_SWITCH_STATEMENTS = YES;
				GCC_WARN_INITIALIZER_NOT_FULLY_BRACKETED = YES;
				GCC_WARN_MISSING_PARENTHESES = YES;
				GCC_WARN_SHADOW = YES;
				GCC_WARN_SIGN_COMPARE = YES;
				GCC_WARN_TYPECHECK_CALLS_TO_PRINTF = YES;
				GCC_WARN_UNDECLARED_SELECTOR = YES;
				GCC_WARN_UNINITIALIZED_AUTOS = YES;
				GCC_WARN_UNUSED_FUNCTION = YES;
				GCC_WARN_UNUSED_LABEL = YES;
				GCC_WARN_UNUSED_VALUE = YES;
				GCC_WARN_UNUSED_VARIABLE = YES;
				IPHONEOS_DEPLOYMENT_TARGET = 9.0;
				RUN_CLANG_STATIC_ANALYZER = YES;
				SDKROOT = iphoneos;
				SWIFT_OPTIMIZATION_LEVEL = "-Owholemodule";
				VALIDATE_PRODUCT = YES;
			};
			name = Release;
		};
		8B0677CC2EDA6CB9A52867EF /* Release */ = {
			isa = XCBuildConfiguration;
			buildSettings = {
				BUNDLE_LOADER = "$(BUILT_PRODUCTS_DIR)/ScoreReporter.app/ScoreReporter";
				ENABLE_STRICT_OBJC_MSGSEND = YES;
				FRAMEWORK_SEARCH_PATHS = (
					"$(SDKROOT)/Developer/Library/Frameworks",
					"$(inherited)",
					"$(DEVELOPER_FRAMEWORKS_DIR)",
				);
				INFOPLIST_FILE = "UnitTests/Resources/UnitTests-Info.plist";
				PRODUCT_BUNDLE_IDENTIFIER = "com.bradsmith.${PRODUCT_NAME:rfc1034identifier}";
				PRODUCT_NAME = "$(TARGET_NAME)";
				SDKROOT = iphoneos;
				SKIP_INSTALL = YES;
				TEST_HOST = "$(BUNDLE_LOADER)";
				WRAPPER_EXTENSION = xctest;
			};
			name = Release;
		};
		DC95261F3462167D8F0E404A /* Debug */ = {
			isa = XCBuildConfiguration;
			baseConfigurationReference = DB8710D0BC735C12F2E5C91F /* Pods-ScoreReporter.debug.xcconfig */;
			buildSettings = {
				ALWAYS_EMBED_SWIFT_STANDARD_LIBRARIES = YES;
				ASSETCATALOG_COMPILER_APPICON_NAME = AppIcon;
				"CODE_SIGN_IDENTITY[sdk=iphoneos*]" = "iPhone Developer";
				DEVELOPMENT_TEAM = Q9WZ7ZSJK2;
				ENABLE_STRICT_OBJC_MSGSEND = YES;
				INFOPLIST_FILE = ScoreReporter/Resources/Info.plist;
				LD_RUNPATH_SEARCH_PATHS = "$(inherited) @executable_path/Frameworks";
				MTL_ENABLE_DEBUG_INFO = YES;
				PRODUCT_BUNDLE_IDENTIFIER = "com.bradsmith.${PRODUCT_NAME:rfc1034identifier}";
				PRODUCT_NAME = "$(TARGET_NAME)";
				SDKROOT = iphoneos;
				SWIFT_OPTIMIZATION_LEVEL = "-Onone";
				SWIFT_VERSION = 2.3;
			};
			name = Debug;
		};
/* End XCBuildConfiguration section */

/* Begin XCConfigurationList section */
		8CF34098D12568B13E8C7D02 /* Build configuration list for PBXNativeTarget "UnitTests" */ = {
			isa = XCConfigurationList;
			buildConfigurations = (
				8B0677CC2EDA6CB9A52867EF /* Release */,
				0700C64B95F5763190D86862 /* Debug */,
			);
			defaultConfigurationIsVisible = 0;
			defaultConfigurationName = Release;
		};
		B6859C92281FC50A5284E913 /* Build configuration list for PBXProject "ScoreReporter" */ = {
			isa = XCConfigurationList;
			buildConfigurations = (
				2AA3852F591321C3744A9D27 /* Debug */,
				7BE1477EC47180B06F582864 /* Release */,
			);
			defaultConfigurationIsVisible = 0;
			defaultConfigurationName = Release;
		};
		E6ABFC6A0536DBDACB8D6480 /* Build configuration list for PBXNativeTarget "ScoreReporter" */ = {
			isa = XCConfigurationList;
			buildConfigurations = (
				65592B4AA7A2CA8EFF64820E /* Release */,
				DC95261F3462167D8F0E404A /* Debug */,
			);
			defaultConfigurationIsVisible = 0;
			defaultConfigurationName = Release;
		};
/* End XCConfigurationList section */

/* Begin XCVersionGroup section */
		0665DF051D3DC7B6006D2070 /* ScoreReporter.xcdatamodeld */ = {
			isa = XCVersionGroup;
			children = (
				0665DF061D3DC7B6006D2070 /* ScoreReporter.xcdatamodel */,
			);
			currentVersion = 0665DF061D3DC7B6006D2070 /* ScoreReporter.xcdatamodel */;
			path = ScoreReporter.xcdatamodeld;
			sourceTree = "<group>";
			versionGroupType = wrapper.xcdatamodel;
		};
/* End XCVersionGroup section */
	};
	rootObject = 9908A4E7CAEDE5855F39122C /* Project object */;
}
